// !$*UTF8*$!
{
	archiveVersion = 1;
	classes = {
	};
	objectVersion = 46;
	objects = {

/* Begin PBXBuildFile section */
		D113D9B51D4B0EB8009A34DC /* FactoryStage.cpp in Sources */ = {isa = PBXBuildFile; fileRef = D113D9AD1D4B0EB8009A34DC /* FactoryStage.cpp */; };
		D113D9B71D4B0EB8009A34DC /* OGLPointSize.cpp in Sources */ = {isa = PBXBuildFile; fileRef = D113D9B11D4B0EB8009A34DC /* OGLPointSize.cpp */; };
		D113D9B81D4B0EB8009A34DC /* OGLSimpleTriangle.cpp in Sources */ = {isa = PBXBuildFile; fileRef = D113D9B31D4B0EB8009A34DC /* OGLSimpleTriangle.cpp */; };
		D113D9BD1D4B0EC6009A34DC /* OGLPoint.cpp in Sources */ = {isa = PBXBuildFile; fileRef = D113D9B91D4B0EC6009A34DC /* OGLPoint.cpp */; };
		D113D9BE1D4B0EC6009A34DC /* OGLTriangle.cpp in Sources */ = {isa = PBXBuildFile; fileRef = D113D9BB1D4B0EC6009A34DC /* OGLTriangle.cpp */; };
		D113D9C31D4B0ED6009A34DC /* OGLApplicationConstants.cpp in Sources */ = {isa = PBXBuildFile; fileRef = D113D9BF1D4B0ED6009A34DC /* OGLApplicationConstants.cpp */; };
		D113D9C41D4B0ED6009A34DC /* ApplicationSettings.cpp in Sources */ = {isa = PBXBuildFile; fileRef = D113D9C11D4B0ED6009A34DC /* ApplicationSettings.cpp */; };
		D12DC4A31D74A43200C2140D /* OGLSkybox.cpp in Sources */ = {isa = PBXBuildFile; fileRef = D12DC4A11D74A43200C2140D /* OGLSkybox.cpp */; };
		D131DAA51D58FB3100A129CE /* OGLRipplePlane.cpp in Sources */ = {isa = PBXBuildFile; fileRef = D131DAA31D58FB3100A129CE /* OGLRipplePlane.cpp */; };
		D131DAAA1D58FB4400A129CE /* OGLUtility.cpp in Sources */ = {isa = PBXBuildFile; fileRef = D131DAA61D58FB4400A129CE /* OGLUtility.cpp */; };
		D131DAAE1D58FB6600A129CE /* WindowGLFW.cpp in Sources */ = {isa = PBXBuildFile; fileRef = D131DAAC1D58FB6600A129CE /* WindowGLFW.cpp */; };
		D131DAB11D5A55C300A129CE /* OGLGeometryShader.cpp in Sources */ = {isa = PBXBuildFile; fileRef = D131DAAF1D5A55C300A129CE /* OGLGeometryShader.cpp */; };
		D134A40B1D52820B0029C42A /* OGLMipmaps.cpp in Sources */ = {isa = PBXBuildFile; fileRef = D134A4061D52820B0029C42A /* OGLMipmaps.cpp */; };
		D134A40C1D52820B0029C42A /* OGLQuad.cpp in Sources */ = {isa = PBXBuildFile; fileRef = D134A4081D52820B0029C42A /* OGLQuad.cpp */; };
		D13541871D4D623400B01378 /* ImageFactory.cpp in Sources */ = {isa = PBXBuildFile; fileRef = D13541851D4D623400B01378 /* ImageFactory.cpp */; };
		D13B91871D7F25A9005A6095 /* OGLMultipleLights.cpp in Sources */ = {isa = PBXBuildFile; fileRef = D13B91851D7F25A9005A6095 /* OGLMultipleLights.cpp */; };
		D14DED751D5E2A570023630A /* OGLModelMatrix.cpp in Sources */ = {isa = PBXBuildFile; fileRef = D14DED731D5E2A570023630A /* OGLModelMatrix.cpp */; };
		D14DED7B1D60CC960023630A /* EventManager.cpp in Sources */ = {isa = PBXBuildFile; fileRef = D14DED791D60CC960023630A /* EventManager.cpp */; };
		D1520D161D7C91CB00F8B6B3 /* OGLMaterialInstancedDraw.cpp in Sources */ = {isa = PBXBuildFile; fileRef = D1520D101D7C91CB00F8B6B3 /* OGLMaterialInstancedDraw.cpp */; };
		D1520D171D7C91CB00F8B6B3 /* OGLPointLight.cpp in Sources */ = {isa = PBXBuildFile; fileRef = D1520D121D7C91CB00F8B6B3 /* OGLPointLight.cpp */; };
		D1520D181D7C91CB00F8B6B3 /* OGLSpotLight.cpp in Sources */ = {isa = PBXBuildFile; fileRef = D1520D141D7C91CB00F8B6B3 /* OGLSpotLight.cpp */; };
		D1520D1B1D7C922A00F8B6B3 /* OGLLight.cpp in Sources */ = {isa = PBXBuildFile; fileRef = D1520D191D7C922A00F8B6B3 /* OGLLight.cpp */; };
		D1520D221D7C928200F8B6B3 /* Mesh.cpp in Sources */ = {isa = PBXBuildFile; fileRef = D1520D1E1D7C928200F8B6B3 /* Mesh.cpp */; };
		D1520D231D7C928200F8B6B3 /* Model.cpp in Sources */ = {isa = PBXBuildFile; fileRef = D1520D201D7C928200F8B6B3 /* Model.cpp */; };
		D1520D251D7C92D000F8B6B3 /* libassimp.3.0.0.dylib in Frameworks */ = {isa = PBXBuildFile; fileRef = D1520D241D7C92D000F8B6B3 /* libassimp.3.0.0.dylib */; };
		D15B06A61D18600400F77089 /* OpenGL.framework in Frameworks */ = {isa = PBXBuildFile; fileRef = D15B06A51D18600400F77089 /* OpenGL.framework */; };
		D15B06A91D18601400F77089 /* libglfw.3.2.dylib in Frameworks */ = {isa = PBXBuildFile; fileRef = D15B06A71D18601400F77089 /* libglfw.3.2.dylib */; };
		D1843C6E1D4D764200D077CE /* ATBGLEnumWrapper.cpp in Sources */ = {isa = PBXBuildFile; fileRef = D1843C6D1D4D764200D077CE /* ATBGLEnumWrapper.cpp */; };
		D1926A471D2C5DB400657C3F /* Program.cpp in Sources */ = {isa = PBXBuildFile; fileRef = D1926A431D2C5DB400657C3F /* Program.cpp */; };
		D1926A481D2C5DB400657C3F /* Shader.cpp in Sources */ = {isa = PBXBuildFile; fileRef = D1926A451D2C5DB400657C3F /* Shader.cpp */; };
		D1926A4C1D2C5DD100657C3F /* main.cpp in Sources */ = {isa = PBXBuildFile; fileRef = D1926A491D2C5DD100657C3F /* main.cpp */; };
		D1926A4D1D2C5DD100657C3F /* Application.cpp in Sources */ = {isa = PBXBuildFile; fileRef = D1926A4A1D2C5DD100657C3F /* Application.cpp */; };
		D1926A571D2C5E0E00657C3F /* OGLAntTweakBar.cpp in Sources */ = {isa = PBXBuildFile; fileRef = D1926A551D2C5E0E00657C3F /* OGLAntTweakBar.cpp */; };
		D1926A5B1D2C5E9900657C3F /* VertexBuffer.cpp in Sources */ = {isa = PBXBuildFile; fileRef = D1926A591D2C5E9900657C3F /* VertexBuffer.cpp */; };
		D1926A5E1D2D9E6A00657C3F /* VertexArray.cpp in Sources */ = {isa = PBXBuildFile; fileRef = D1926A5C1D2D9E6A00657C3F /* VertexArray.cpp */; };
		D1926A621D30499E00657C3F /* Stage.cpp in Sources */ = {isa = PBXBuildFile; fileRef = D1926A601D30499E00657C3F /* Stage.cpp */; };
		D19544C21D60F0E70041F2A0 /* Camera.cpp in Sources */ = {isa = PBXBuildFile; fileRef = D19544C01D60F0E70041F2A0 /* Camera.cpp */; };
		D1A5159E1D8711D600B13FA1 /* CameraUtils.cpp in Sources */ = {isa = PBXBuildFile; fileRef = D1A5159C1D8711D600B13FA1 /* CameraUtils.cpp */; };
		D1A515A11D8716F300B13FA1 /* OGLFrustumCulling.cpp in Sources */ = {isa = PBXBuildFile; fileRef = D1A5159F1D8716F300B13FA1 /* OGLFrustumCulling.cpp */; };
		D1BCF1E01D73110600744215 /* OGLAnimatedPyramids.cpp in Sources */ = {isa = PBXBuildFile; fileRef = D1BCF1DC1D73110600744215 /* OGLAnimatedPyramids.cpp */; };
		D1BCF1E11D73110600744215 /* OGLCameraStage.cpp in Sources */ = {isa = PBXBuildFile; fileRef = D1BCF1DE1D73110600744215 /* OGLCameraStage.cpp */; };
		D1BCF1E61D73113A00744215 /* OGLIndexedDraw.cpp in Sources */ = {isa = PBXBuildFile; fileRef = D1BCF1E21D73113A00744215 /* OGLIndexedDraw.cpp */; };
		D1BCF1E71D73113A00744215 /* OGLSimpleLighting.cpp in Sources */ = {isa = PBXBuildFile; fileRef = D1BCF1E41D73113A00744215 /* OGLSimpleLighting.cpp */; };
		D1D4038A1D56379600DCC53F /* Sampler.cpp in Sources */ = {isa = PBXBuildFile; fileRef = D1D403881D56379600DCC53F /* Sampler.cpp */; };
		D1D7933E1D5741BC007319C3 /* OpenGLInfos.cpp in Sources */ = {isa = PBXBuildFile; fileRef = D1D7933C1D5741BC007319C3 /* OpenGLInfos.cpp */; };
		D1D793411D57473E007319C3 /* GLFWContext.cpp in Sources */ = {isa = PBXBuildFile; fileRef = D1D7933F1D57473E007319C3 /* GLFWContext.cpp */; };
		D1D7BFF81D554C42009352D8 /* OGLMixTexture.cpp in Sources */ = {isa = PBXBuildFile; fileRef = D1D7BFF61D554C42009352D8 /* OGLMixTexture.cpp */; };
		D1DE70271D4D5DD3009A5159 /* GLIImage.cpp in Sources */ = {isa = PBXBuildFile; fileRef = D1DE70251D4D5DD3009A5159 /* GLIImage.cpp */; };
		D1E5DFAB1D1B510400FA6C52 /* libAntTweakBar.dylib in Frameworks */ = {isa = PBXBuildFile; fileRef = D13439F41D1B2F0F0024C47C /* libAntTweakBar.dylib */; };
		D1E9C0321D885EFE00B49891 /* Query.cpp in Sources */ = {isa = PBXBuildFile; fileRef = D1E9C0301D885EFE00B49891 /* Query.cpp */; };
		D1F0AF041D4B1AC10012F548 /* tinyxml2.cpp in Sources */ = {isa = PBXBuildFile; fileRef = D1F0AF021D4B1AC10012F548 /* tinyxml2.cpp */; };
		D1F0AF061D4B1D0B0012F548 /* libGLEW.2.0.0.dylib in Frameworks */ = {isa = PBXBuildFile; fileRef = D1F0AF051D4B1D0B0012F548 /* libGLEW.2.0.0.dylib */; };
		D1F0AF091D4B201B0012F548 /* OGLSimpleCube.cpp in Sources */ = {isa = PBXBuildFile; fileRef = D1F0AF071D4B201B0012F548 /* OGLSimpleCube.cpp */; };
		D1F0AF0C1D4B20310012F548 /* OGLCube.cpp in Sources */ = {isa = PBXBuildFile; fileRef = D1F0AF0A1D4B20310012F548 /* OGLCube.cpp */; };
		D1F0AF0F1D4C0BF20012F548 /* Texture.cpp in Sources */ = {isa = PBXBuildFile; fileRef = D1F0AF0D1D4C0BF20012F548 /* Texture.cpp */; };
		D1F9B6F61D8C95F1005BEBE2 /* OGLRenderableCube.cpp in Sources */ = {isa = PBXBuildFile; fileRef = D1F9B6F41D8C95F1005BEBE2 /* OGLRenderableCube.cpp */; };
		D1F9B6F91D8C9895005BEBE2 /* OGLRenderableQuad.cpp in Sources */ = {isa = PBXBuildFile; fileRef = D1F9B6F71D8C9895005BEBE2 /* OGLRenderableQuad.cpp */; };
/* End PBXBuildFile section */

/* Begin PBXCopyFilesBuildPhase section */
		D15B06911D185F9000F77089 /* CopyFiles */ = {
			isa = PBXCopyFilesBuildPhase;
			buildActionMask = 2147483647;
			dstPath = /usr/share/man/man1/;
			dstSubfolderSpec = 0;
			files = (
			);
			runOnlyForDeploymentPostprocessing = 1;
		};
/* End PBXCopyFilesBuildPhase section */

/* Begin PBXFileReference section */
		D113D9AD1D4B0EB8009A34DC /* FactoryStage.cpp */ = {isa = PBXFileReference; fileEncoding = 4; lastKnownFileType = sourcecode.cpp.cpp; name = FactoryStage.cpp; path = src/FactoryStage.cpp; sourceTree = "<group>"; };
		D113D9AE1D4B0EB8009A34DC /* FactoryStage.hpp */ = {isa = PBXFileReference; fileEncoding = 4; lastKnownFileType = sourcecode.cpp.h; name = FactoryStage.hpp; path = src/FactoryStage.hpp; sourceTree = "<group>"; };
		D113D9B11D4B0EB8009A34DC /* OGLPointSize.cpp */ = {isa = PBXFileReference; fileEncoding = 4; lastKnownFileType = sourcecode.cpp.cpp; name = OGLPointSize.cpp; path = src/OGLPointSize.cpp; sourceTree = "<group>"; };
		D113D9B21D4B0EB8009A34DC /* OGLPointSize.hpp */ = {isa = PBXFileReference; fileEncoding = 4; lastKnownFileType = sourcecode.cpp.h; name = OGLPointSize.hpp; path = src/OGLPointSize.hpp; sourceTree = "<group>"; };
		D113D9B31D4B0EB8009A34DC /* OGLSimpleTriangle.cpp */ = {isa = PBXFileReference; fileEncoding = 4; lastKnownFileType = sourcecode.cpp.cpp; name = OGLSimpleTriangle.cpp; path = src/OGLSimpleTriangle.cpp; sourceTree = "<group>"; };
		D113D9B41D4B0EB8009A34DC /* OGLSimpleTriangle.hpp */ = {isa = PBXFileReference; fileEncoding = 4; lastKnownFileType = sourcecode.cpp.h; name = OGLSimpleTriangle.hpp; path = src/OGLSimpleTriangle.hpp; sourceTree = "<group>"; };
		D113D9B91D4B0EC6009A34DC /* OGLPoint.cpp */ = {isa = PBXFileReference; fileEncoding = 4; lastKnownFileType = sourcecode.cpp.cpp; name = OGLPoint.cpp; path = src/OGLPoint.cpp; sourceTree = "<group>"; };
		D113D9BA1D4B0EC6009A34DC /* OGLPoint.hpp */ = {isa = PBXFileReference; fileEncoding = 4; lastKnownFileType = sourcecode.cpp.h; name = OGLPoint.hpp; path = src/OGLPoint.hpp; sourceTree = "<group>"; };
		D113D9BB1D4B0EC6009A34DC /* OGLTriangle.cpp */ = {isa = PBXFileReference; fileEncoding = 4; lastKnownFileType = sourcecode.cpp.cpp; name = OGLTriangle.cpp; path = src/OGLTriangle.cpp; sourceTree = "<group>"; };
		D113D9BC1D4B0EC6009A34DC /* OGLTriangle.hpp */ = {isa = PBXFileReference; fileEncoding = 4; lastKnownFileType = sourcecode.cpp.h; name = OGLTriangle.hpp; path = src/OGLTriangle.hpp; sourceTree = "<group>"; };
		D113D9BF1D4B0ED6009A34DC /* OGLApplicationConstants.cpp */ = {isa = PBXFileReference; fileEncoding = 4; lastKnownFileType = sourcecode.cpp.cpp; name = OGLApplicationConstants.cpp; path = src/OGLApplicationConstants.cpp; sourceTree = "<group>"; };
		D113D9C01D4B0ED6009A34DC /* OGLApplicationConstants.hpp */ = {isa = PBXFileReference; fileEncoding = 4; lastKnownFileType = sourcecode.cpp.h; name = OGLApplicationConstants.hpp; path = src/OGLApplicationConstants.hpp; sourceTree = "<group>"; };
		D113D9C11D4B0ED6009A34DC /* ApplicationSettings.cpp */ = {isa = PBXFileReference; fileEncoding = 4; lastKnownFileType = sourcecode.cpp.cpp; name = ApplicationSettings.cpp; path = src/ApplicationSettings.cpp; sourceTree = "<group>"; };
		D113D9C21D4B0ED6009A34DC /* ApplicationSettings.hpp */ = {isa = PBXFileReference; fileEncoding = 4; lastKnownFileType = sourcecode.cpp.h; name = ApplicationSettings.hpp; path = src/ApplicationSettings.hpp; sourceTree = "<group>"; };
		D12DC4A11D74A43200C2140D /* OGLSkybox.cpp */ = {isa = PBXFileReference; fileEncoding = 4; lastKnownFileType = sourcecode.cpp.cpp; name = OGLSkybox.cpp; path = src/OGLSkybox.cpp; sourceTree = "<group>"; };
		D12DC4A21D74A43200C2140D /* OGLSkybox.hpp */ = {isa = PBXFileReference; fileEncoding = 4; lastKnownFileType = sourcecode.cpp.h; name = OGLSkybox.hpp; path = src/OGLSkybox.hpp; sourceTree = "<group>"; };
		D131DAA21D58FB0700A129CE /* ATBResource.hpp */ = {isa = PBXFileReference; lastKnownFileType = sourcecode.cpp.h; name = ATBResource.hpp; path = src/ATBResource.hpp; sourceTree = "<group>"; };
		D131DAA31D58FB3100A129CE /* OGLRipplePlane.cpp */ = {isa = PBXFileReference; fileEncoding = 4; lastKnownFileType = sourcecode.cpp.cpp; name = OGLRipplePlane.cpp; path = src/OGLRipplePlane.cpp; sourceTree = "<group>"; };
		D131DAA41D58FB3100A129CE /* OGLRipplePlane.hpp */ = {isa = PBXFileReference; fileEncoding = 4; lastKnownFileType = sourcecode.cpp.h; name = OGLRipplePlane.hpp; path = src/OGLRipplePlane.hpp; sourceTree = "<group>"; };
		D131DAA61D58FB4400A129CE /* OGLUtility.cpp */ = {isa = PBXFileReference; fileEncoding = 4; lastKnownFileType = sourcecode.cpp.cpp; name = OGLUtility.cpp; path = src/OGLUtility.cpp; sourceTree = "<group>"; };
		D131DAA71D58FB4400A129CE /* OGLUtility.hpp */ = {isa = PBXFileReference; fileEncoding = 4; lastKnownFileType = sourcecode.cpp.h; name = OGLUtility.hpp; path = src/OGLUtility.hpp; sourceTree = "<group>"; };
		D131DAAC1D58FB6600A129CE /* WindowGLFW.cpp */ = {isa = PBXFileReference; fileEncoding = 4; lastKnownFileType = sourcecode.cpp.cpp; name = WindowGLFW.cpp; path = src/WindowGLFW.cpp; sourceTree = "<group>"; };
		D131DAAD1D58FB6600A129CE /* WindowGLFW.hpp */ = {isa = PBXFileReference; fileEncoding = 4; lastKnownFileType = sourcecode.cpp.h; name = WindowGLFW.hpp; path = src/WindowGLFW.hpp; sourceTree = "<group>"; };
		D131DAAF1D5A55C300A129CE /* OGLGeometryShader.cpp */ = {isa = PBXFileReference; fileEncoding = 4; lastKnownFileType = sourcecode.cpp.cpp; name = OGLGeometryShader.cpp; path = src/OGLGeometryShader.cpp; sourceTree = "<group>"; };
		D131DAB01D5A55C300A129CE /* OGLGeometryShader.hpp */ = {isa = PBXFileReference; fileEncoding = 4; lastKnownFileType = sourcecode.cpp.h; name = OGLGeometryShader.hpp; path = src/OGLGeometryShader.hpp; sourceTree = "<group>"; };
		D13439F41D1B2F0F0024C47C /* libAntTweakBar.dylib */ = {isa = PBXFileReference; lastKnownFileType = "compiled.mach-o.dylib"; name = libAntTweakBar.dylib; path = ../../../../../../../../opt/local/lib/libAntTweakBar.dylib; sourceTree = "<group>"; };
		D134A4061D52820B0029C42A /* OGLMipmaps.cpp */ = {isa = PBXFileReference; fileEncoding = 4; lastKnownFileType = sourcecode.cpp.cpp; name = OGLMipmaps.cpp; path = src/OGLMipmaps.cpp; sourceTree = "<group>"; };
		D134A4071D52820B0029C42A /* OGLMipmaps.hpp */ = {isa = PBXFileReference; fileEncoding = 4; lastKnownFileType = sourcecode.cpp.h; name = OGLMipmaps.hpp; path = src/OGLMipmaps.hpp; sourceTree = "<group>"; };
		D134A4081D52820B0029C42A /* OGLQuad.cpp */ = {isa = PBXFileReference; fileEncoding = 4; lastKnownFileType = sourcecode.cpp.cpp; name = OGLQuad.cpp; path = src/OGLQuad.cpp; sourceTree = "<group>"; };
		D134A4091D52820B0029C42A /* OGLQuad.hpp */ = {isa = PBXFileReference; fileEncoding = 4; lastKnownFileType = sourcecode.cpp.h; name = OGLQuad.hpp; path = src/OGLQuad.hpp; sourceTree = "<group>"; };
		D135417D1D4D5EFE00B01378 /* Image.hpp */ = {isa = PBXFileReference; fileEncoding = 4; lastKnownFileType = sourcecode.cpp.h; name = Image.hpp; path = src/Image.hpp; sourceTree = "<group>"; };
		D135417F1D4D5EFE00B01378 /* Vertex.hpp */ = {isa = PBXFileReference; fileEncoding = 4; lastKnownFileType = sourcecode.cpp.h; name = Vertex.hpp; path = src/Vertex.hpp; sourceTree = "<group>"; };
		D13541851D4D623400B01378 /* ImageFactory.cpp */ = {isa = PBXFileReference; fileEncoding = 4; lastKnownFileType = sourcecode.cpp.cpp; name = ImageFactory.cpp; path = src/ImageFactory.cpp; sourceTree = "<group>"; };
		D13541861D4D623400B01378 /* ImageFactory.hpp */ = {isa = PBXFileReference; fileEncoding = 4; lastKnownFileType = sourcecode.cpp.h; name = ImageFactory.hpp; path = src/ImageFactory.hpp; sourceTree = "<group>"; };
		D13541881D4D66CF00B01378 /* ATBGLEnumWrapper.h */ = {isa = PBXFileReference; lastKnownFileType = sourcecode.c.h; name = ATBGLEnumWrapper.h; path = src/ATBGLEnumWrapper.h; sourceTree = "<group>"; };
		D13B91851D7F25A9005A6095 /* OGLMultipleLights.cpp */ = {isa = PBXFileReference; fileEncoding = 4; lastKnownFileType = sourcecode.cpp.cpp; name = OGLMultipleLights.cpp; path = src/OGLMultipleLights.cpp; sourceTree = "<group>"; };
		D13B91861D7F25A9005A6095 /* OGLMultipleLights.hpp */ = {isa = PBXFileReference; fileEncoding = 4; lastKnownFileType = sourcecode.cpp.h; name = OGLMultipleLights.hpp; path = src/OGLMultipleLights.hpp; sourceTree = "<group>"; };
		D13F506D1D1B50CD003E29B9 /* libAntTweakBar.a */ = {isa = PBXFileReference; lastKnownFileType = archive.ar; name = libAntTweakBar.a; path = ../../../../../../../../opt/local/lib/libAntTweakBar.a; sourceTree = "<group>"; };
		D14DED731D5E2A570023630A /* OGLModelMatrix.cpp */ = {isa = PBXFileReference; fileEncoding = 4; lastKnownFileType = sourcecode.cpp.cpp; name = OGLModelMatrix.cpp; path = src/OGLModelMatrix.cpp; sourceTree = "<group>"; };
		D14DED741D5E2A570023630A /* OGLModelMatrix.hpp */ = {isa = PBXFileReference; fileEncoding = 4; lastKnownFileType = sourcecode.cpp.h; name = OGLModelMatrix.hpp; path = src/OGLModelMatrix.hpp; sourceTree = "<group>"; };
		D14DED791D60CC960023630A /* EventManager.cpp */ = {isa = PBXFileReference; fileEncoding = 4; lastKnownFileType = sourcecode.cpp.cpp; name = EventManager.cpp; path = src/EventManager.cpp; sourceTree = "<group>"; };
		D14DED7A1D60CC960023630A /* EventManager.hpp */ = {isa = PBXFileReference; fileEncoding = 4; lastKnownFileType = sourcecode.cpp.h; name = EventManager.hpp; path = src/EventManager.hpp; sourceTree = "<group>"; };
		D1520D101D7C91CB00F8B6B3 /* OGLMaterialInstancedDraw.cpp */ = {isa = PBXFileReference; fileEncoding = 4; lastKnownFileType = sourcecode.cpp.cpp; name = OGLMaterialInstancedDraw.cpp; path = src/OGLMaterialInstancedDraw.cpp; sourceTree = "<group>"; };
		D1520D111D7C91CB00F8B6B3 /* OGLMaterialInstancedDraw.hpp */ = {isa = PBXFileReference; fileEncoding = 4; lastKnownFileType = sourcecode.cpp.h; name = OGLMaterialInstancedDraw.hpp; path = src/OGLMaterialInstancedDraw.hpp; sourceTree = "<group>"; };
		D1520D121D7C91CB00F8B6B3 /* OGLPointLight.cpp */ = {isa = PBXFileReference; fileEncoding = 4; lastKnownFileType = sourcecode.cpp.cpp; name = OGLPointLight.cpp; path = src/OGLPointLight.cpp; sourceTree = "<group>"; };
		D1520D131D7C91CB00F8B6B3 /* OGLPointLight.hpp */ = {isa = PBXFileReference; fileEncoding = 4; lastKnownFileType = sourcecode.cpp.h; name = OGLPointLight.hpp; path = src/OGLPointLight.hpp; sourceTree = "<group>"; };
		D1520D141D7C91CB00F8B6B3 /* OGLSpotLight.cpp */ = {isa = PBXFileReference; fileEncoding = 4; lastKnownFileType = sourcecode.cpp.cpp; name = OGLSpotLight.cpp; path = src/OGLSpotLight.cpp; sourceTree = "<group>"; };
		D1520D151D7C91CB00F8B6B3 /* OGLSpotLight.hpp */ = {isa = PBXFileReference; fileEncoding = 4; lastKnownFileType = sourcecode.cpp.h; name = OGLSpotLight.hpp; path = src/OGLSpotLight.hpp; sourceTree = "<group>"; };
		D1520D191D7C922A00F8B6B3 /* OGLLight.cpp */ = {isa = PBXFileReference; fileEncoding = 4; lastKnownFileType = sourcecode.cpp.cpp; name = OGLLight.cpp; path = src/OGLLight.cpp; sourceTree = "<group>"; };
		D1520D1A1D7C922A00F8B6B3 /* OGLLight.hpp */ = {isa = PBXFileReference; fileEncoding = 4; lastKnownFileType = sourcecode.cpp.h; name = OGLLight.hpp; path = src/OGLLight.hpp; sourceTree = "<group>"; };
		D1520D1C1D7C928200F8B6B3 /* Light.hpp */ = {isa = PBXFileReference; fileEncoding = 4; lastKnownFileType = sourcecode.cpp.h; name = Light.hpp; path = src/Light.hpp; sourceTree = "<group>"; };
		D1520D1D1D7C928200F8B6B3 /* Material.hpp */ = {isa = PBXFileReference; fileEncoding = 4; lastKnownFileType = sourcecode.cpp.h; name = Material.hpp; path = src/Material.hpp; sourceTree = "<group>"; };
		D1520D1E1D7C928200F8B6B3 /* Mesh.cpp */ = {isa = PBXFileReference; fileEncoding = 4; lastKnownFileType = sourcecode.cpp.cpp; name = Mesh.cpp; path = src/Mesh.cpp; sourceTree = "<group>"; };
		D1520D1F1D7C928200F8B6B3 /* Mesh.hpp */ = {isa = PBXFileReference; fileEncoding = 4; lastKnownFileType = sourcecode.cpp.h; name = Mesh.hpp; path = src/Mesh.hpp; sourceTree = "<group>"; };
		D1520D201D7C928200F8B6B3 /* Model.cpp */ = {isa = PBXFileReference; fileEncoding = 4; lastKnownFileType = sourcecode.cpp.cpp; name = Model.cpp; path = src/Model.cpp; sourceTree = "<group>"; };
		D1520D211D7C928200F8B6B3 /* Model.hpp */ = {isa = PBXFileReference; fileEncoding = 4; lastKnownFileType = sourcecode.cpp.h; name = Model.hpp; path = src/Model.hpp; sourceTree = "<group>"; };
		D1520D241D7C92D000F8B6B3 /* libassimp.3.0.0.dylib */ = {isa = PBXFileReference; lastKnownFileType = "compiled.mach-o.dylib"; name = libassimp.3.0.0.dylib; path = ../../../../../../../../opt/local/lib/libassimp.3.0.0.dylib; sourceTree = "<group>"; };
		D15B06931D185F9000F77089 /* OGLPlatform */ = {isa = PBXFileReference; explicitFileType = "compiled.mach-o.executable"; includeInIndex = 0; path = OGLPlatform; sourceTree = BUILT_PRODUCTS_DIR; };
		D15B06A51D18600400F77089 /* OpenGL.framework */ = {isa = PBXFileReference; lastKnownFileType = wrapper.framework; name = OpenGL.framework; path = System/Library/Frameworks/OpenGL.framework; sourceTree = SDKROOT; };
		D15B06A71D18601400F77089 /* libglfw.3.2.dylib */ = {isa = PBXFileReference; lastKnownFileType = "compiled.mach-o.dylib"; name = libglfw.3.2.dylib; path = ../../../../../../../../opt/local/lib/libglfw.3.2.dylib; sourceTree = "<group>"; };
		D1636E6F1D5687AC006E2648 /* Context.hpp */ = {isa = PBXFileReference; fileEncoding = 4; lastKnownFileType = sourcecode.cpp.h; name = Context.hpp; path = src/Context.hpp; sourceTree = "<group>"; };
		D1814D551D53DA5100E1F4F2 /* OGLObjResizable.hpp */ = {isa = PBXFileReference; fileEncoding = 4; lastKnownFileType = sourcecode.cpp.h; name = OGLObjResizable.hpp; path = src/OGLObjResizable.hpp; sourceTree = "<group>"; };
		D1814D581D542B4500E1F4F2 /* OGLResource.hpp */ = {isa = PBXFileReference; lastKnownFileType = sourcecode.cpp.h; name = OGLResource.hpp; path = src/OGLResource.hpp; sourceTree = "<group>"; };
		D1843C6D1D4D764200D077CE /* ATBGLEnumWrapper.cpp */ = {isa = PBXFileReference; fileEncoding = 4; lastKnownFileType = sourcecode.cpp.cpp; name = ATBGLEnumWrapper.cpp; path = src/ATBGLEnumWrapper.cpp; sourceTree = "<group>"; };
		D1926A431D2C5DB400657C3F /* Program.cpp */ = {isa = PBXFileReference; fileEncoding = 4; lastKnownFileType = sourcecode.cpp.cpp; name = Program.cpp; path = src/Program.cpp; sourceTree = "<group>"; };
		D1926A441D2C5DB400657C3F /* Program.hpp */ = {isa = PBXFileReference; fileEncoding = 4; lastKnownFileType = sourcecode.cpp.h; name = Program.hpp; path = src/Program.hpp; sourceTree = "<group>"; };
		D1926A451D2C5DB400657C3F /* Shader.cpp */ = {isa = PBXFileReference; fileEncoding = 4; lastKnownFileType = sourcecode.cpp.cpp; name = Shader.cpp; path = src/Shader.cpp; sourceTree = "<group>"; };
		D1926A461D2C5DB400657C3F /* Shader.hpp */ = {isa = PBXFileReference; fileEncoding = 4; lastKnownFileType = sourcecode.cpp.h; name = Shader.hpp; path = src/Shader.hpp; sourceTree = "<group>"; };
		D1926A491D2C5DD100657C3F /* main.cpp */ = {isa = PBXFileReference; fileEncoding = 4; lastKnownFileType = sourcecode.cpp.cpp; name = main.cpp; path = src/main.cpp; sourceTree = "<group>"; };
		D1926A4A1D2C5DD100657C3F /* Application.cpp */ = {isa = PBXFileReference; fileEncoding = 4; lastKnownFileType = sourcecode.cpp.cpp; name = Application.cpp; path = src/Application.cpp; sourceTree = "<group>"; };
		D1926A4B1D2C5DD100657C3F /* Application.hpp */ = {isa = PBXFileReference; fileEncoding = 4; lastKnownFileType = sourcecode.cpp.h; name = Application.hpp; path = src/Application.hpp; sourceTree = "<group>"; };
		D1926A4E1D2C5DFC00657C3F /* GLFWUtility.hpp */ = {isa = PBXFileReference; fileEncoding = 4; lastKnownFileType = sourcecode.cpp.h; name = GLFWUtility.hpp; path = src/GLFWUtility.hpp; sourceTree = "<group>"; };
		D1926A521D2C5DFC00657C3F /* Window.hpp */ = {isa = PBXFileReference; fileEncoding = 4; lastKnownFileType = sourcecode.cpp.h; name = Window.hpp; path = src/Window.hpp; sourceTree = "<group>"; };
		D1926A551D2C5E0E00657C3F /* OGLAntTweakBar.cpp */ = {isa = PBXFileReference; fileEncoding = 4; lastKnownFileType = sourcecode.cpp.cpp; name = OGLAntTweakBar.cpp; path = src/OGLAntTweakBar.cpp; sourceTree = "<group>"; };
		D1926A561D2C5E0E00657C3F /* OGLAntTweakBar.hpp */ = {isa = PBXFileReference; fileEncoding = 4; lastKnownFileType = sourcecode.cpp.h; name = OGLAntTweakBar.hpp; path = src/OGLAntTweakBar.hpp; sourceTree = "<group>"; };
		D1926A581D2C5E6700657C3F /* Uncopyable.hpp */ = {isa = PBXFileReference; lastKnownFileType = sourcecode.cpp.h; name = Uncopyable.hpp; path = src/Uncopyable.hpp; sourceTree = "<group>"; };
		D1926A591D2C5E9900657C3F /* VertexBuffer.cpp */ = {isa = PBXFileReference; fileEncoding = 4; lastKnownFileType = sourcecode.cpp.cpp; name = VertexBuffer.cpp; path = src/VertexBuffer.cpp; sourceTree = "<group>"; };
		D1926A5A1D2C5E9900657C3F /* VertexBuffer.hpp */ = {isa = PBXFileReference; fileEncoding = 4; lastKnownFileType = sourcecode.cpp.h; name = VertexBuffer.hpp; path = src/VertexBuffer.hpp; sourceTree = "<group>"; };
		D1926A5C1D2D9E6A00657C3F /* VertexArray.cpp */ = {isa = PBXFileReference; fileEncoding = 4; lastKnownFileType = sourcecode.cpp.cpp; name = VertexArray.cpp; path = src/VertexArray.cpp; sourceTree = "<group>"; };
		D1926A5D1D2D9E6A00657C3F /* VertexArray.hpp */ = {isa = PBXFileReference; fileEncoding = 4; lastKnownFileType = sourcecode.cpp.h; name = VertexArray.hpp; path = src/VertexArray.hpp; sourceTree = "<group>"; };
		D1926A601D30499E00657C3F /* Stage.cpp */ = {isa = PBXFileReference; fileEncoding = 4; lastKnownFileType = sourcecode.cpp.cpp; name = Stage.cpp; path = src/Stage.cpp; sourceTree = "<group>"; };
		D1926A611D30499E00657C3F /* Stage.hpp */ = {isa = PBXFileReference; fileEncoding = 4; lastKnownFileType = sourcecode.cpp.h; name = Stage.hpp; path = src/Stage.hpp; sourceTree = "<group>"; };
		D19544C01D60F0E70041F2A0 /* Camera.cpp */ = {isa = PBXFileReference; fileEncoding = 4; lastKnownFileType = sourcecode.cpp.cpp; name = Camera.cpp; path = src/Camera.cpp; sourceTree = "<group>"; };
		D19544C11D60F0E70041F2A0 /* Camera.hpp */ = {isa = PBXFileReference; fileEncoding = 4; lastKnownFileType = sourcecode.cpp.h; name = Camera.hpp; path = src/Camera.hpp; sourceTree = "<group>"; };
		D1A5159C1D8711D600B13FA1 /* CameraUtils.cpp */ = {isa = PBXFileReference; fileEncoding = 4; lastKnownFileType = sourcecode.cpp.cpp; name = CameraUtils.cpp; path = src/CameraUtils.cpp; sourceTree = "<group>"; };
		D1A5159D1D8711D600B13FA1 /* CameraUtils.hpp */ = {isa = PBXFileReference; fileEncoding = 4; lastKnownFileType = sourcecode.cpp.h; name = CameraUtils.hpp; path = src/CameraUtils.hpp; sourceTree = "<group>"; };
		D1A5159F1D8716F300B13FA1 /* OGLFrustumCulling.cpp */ = {isa = PBXFileReference; fileEncoding = 4; lastKnownFileType = sourcecode.cpp.cpp; name = OGLFrustumCulling.cpp; path = src/OGLFrustumCulling.cpp; sourceTree = "<group>"; };
		D1A515A01D8716F300B13FA1 /* OGLFrustumCulling.hpp */ = {isa = PBXFileReference; fileEncoding = 4; lastKnownFileType = sourcecode.cpp.h; name = OGLFrustumCulling.hpp; path = src/OGLFrustumCulling.hpp; sourceTree = "<group>"; };
		D1BCF1DC1D73110600744215 /* OGLAnimatedPyramids.cpp */ = {isa = PBXFileReference; fileEncoding = 4; lastKnownFileType = sourcecode.cpp.cpp; name = OGLAnimatedPyramids.cpp; path = src/OGLAnimatedPyramids.cpp; sourceTree = "<group>"; };
		D1BCF1DD1D73110600744215 /* OGLAnimatedPyramids.hpp */ = {isa = PBXFileReference; fileEncoding = 4; lastKnownFileType = sourcecode.cpp.h; name = OGLAnimatedPyramids.hpp; path = src/OGLAnimatedPyramids.hpp; sourceTree = "<group>"; };
		D1BCF1DE1D73110600744215 /* OGLCameraStage.cpp */ = {isa = PBXFileReference; fileEncoding = 4; lastKnownFileType = sourcecode.cpp.cpp; name = OGLCameraStage.cpp; path = src/OGLCameraStage.cpp; sourceTree = "<group>"; };
		D1BCF1DF1D73110600744215 /* OGLCameraStage.hpp */ = {isa = PBXFileReference; fileEncoding = 4; lastKnownFileType = sourcecode.cpp.h; name = OGLCameraStage.hpp; path = src/OGLCameraStage.hpp; sourceTree = "<group>"; };
		D1BCF1E21D73113A00744215 /* OGLIndexedDraw.cpp */ = {isa = PBXFileReference; fileEncoding = 4; lastKnownFileType = sourcecode.cpp.cpp; name = OGLIndexedDraw.cpp; path = src/OGLIndexedDraw.cpp; sourceTree = "<group>"; };
		D1BCF1E31D73113A00744215 /* OGLIndexedDraw.hpp */ = {isa = PBXFileReference; fileEncoding = 4; lastKnownFileType = sourcecode.cpp.h; name = OGLIndexedDraw.hpp; path = src/OGLIndexedDraw.hpp; sourceTree = "<group>"; };
		D1BCF1E41D73113A00744215 /* OGLSimpleLighting.cpp */ = {isa = PBXFileReference; fileEncoding = 4; lastKnownFileType = sourcecode.cpp.cpp; name = OGLSimpleLighting.cpp; path = src/OGLSimpleLighting.cpp; sourceTree = "<group>"; };
		D1BCF1E51D73113A00744215 /* OGLSimpleLighting.hpp */ = {isa = PBXFileReference; fileEncoding = 4; lastKnownFileType = sourcecode.cpp.h; name = OGLSimpleLighting.hpp; path = src/OGLSimpleLighting.hpp; sourceTree = "<group>"; };
		D1D403881D56379600DCC53F /* Sampler.cpp */ = {isa = PBXFileReference; fileEncoding = 4; lastKnownFileType = sourcecode.cpp.cpp; name = Sampler.cpp; path = src/Sampler.cpp; sourceTree = "<group>"; };
		D1D403891D56379600DCC53F /* Sampler.hpp */ = {isa = PBXFileReference; fileEncoding = 4; lastKnownFileType = sourcecode.cpp.h; name = Sampler.hpp; path = src/Sampler.hpp; sourceTree = "<group>"; };
		D1D7933C1D5741BC007319C3 /* OpenGLInfos.cpp */ = {isa = PBXFileReference; fileEncoding = 4; lastKnownFileType = sourcecode.cpp.cpp; name = OpenGLInfos.cpp; path = src/OpenGLInfos.cpp; sourceTree = "<group>"; };
		D1D7933D1D5741BC007319C3 /* OpenGLInfos.hpp */ = {isa = PBXFileReference; fileEncoding = 4; lastKnownFileType = sourcecode.cpp.h; name = OpenGLInfos.hpp; path = src/OpenGLInfos.hpp; sourceTree = "<group>"; };
		D1D7933F1D57473E007319C3 /* GLFWContext.cpp */ = {isa = PBXFileReference; fileEncoding = 4; lastKnownFileType = sourcecode.cpp.cpp; name = GLFWContext.cpp; path = src/GLFWContext.cpp; sourceTree = "<group>"; };
		D1D793401D57473E007319C3 /* GLFWContext.hpp */ = {isa = PBXFileReference; fileEncoding = 4; lastKnownFileType = sourcecode.cpp.h; name = GLFWContext.hpp; path = src/GLFWContext.hpp; sourceTree = "<group>"; };
		D1D7BFF61D554C42009352D8 /* OGLMixTexture.cpp */ = {isa = PBXFileReference; fileEncoding = 4; lastKnownFileType = sourcecode.cpp.cpp; name = OGLMixTexture.cpp; path = src/OGLMixTexture.cpp; sourceTree = "<group>"; };
		D1D7BFF71D554C42009352D8 /* OGLMixTexture.hpp */ = {isa = PBXFileReference; fileEncoding = 4; lastKnownFileType = sourcecode.cpp.h; name = OGLMixTexture.hpp; path = src/OGLMixTexture.hpp; sourceTree = "<group>"; };
		D1DE70251D4D5DD3009A5159 /* GLIImage.cpp */ = {isa = PBXFileReference; fileEncoding = 4; lastKnownFileType = sourcecode.cpp.cpp; name = GLIImage.cpp; path = src/GLIImage.cpp; sourceTree = "<group>"; };
		D1DE70261D4D5DD3009A5159 /* GLIImage.hpp */ = {isa = PBXFileReference; fileEncoding = 4; lastKnownFileType = sourcecode.cpp.h; name = GLIImage.hpp; path = src/GLIImage.hpp; sourceTree = "<group>"; };
		D1E6AEA71D304C8800CAD186 /* OGLObject.hpp */ = {isa = PBXFileReference; fileEncoding = 4; lastKnownFileType = sourcecode.cpp.h; name = OGLObject.hpp; path = src/OGLObject.hpp; sourceTree = "<group>"; };
		D1E9C0301D885EFE00B49891 /* Query.cpp */ = {isa = PBXFileReference; fileEncoding = 4; lastKnownFileType = sourcecode.cpp.cpp; name = Query.cpp; path = src/Query.cpp; sourceTree = "<group>"; };
		D1E9C0311D885EFE00B49891 /* Query.hpp */ = {isa = PBXFileReference; fileEncoding = 4; lastKnownFileType = sourcecode.cpp.h; name = Query.hpp; path = src/Query.hpp; sourceTree = "<group>"; };
		D1F0AF021D4B1AC10012F548 /* tinyxml2.cpp */ = {isa = PBXFileReference; fileEncoding = 4; lastKnownFileType = sourcecode.cpp.cpp; name = tinyxml2.cpp; path = src/tinyxml2.cpp; sourceTree = "<group>"; };
		D1F0AF031D4B1AC10012F548 /* tinyxml2.h */ = {isa = PBXFileReference; fileEncoding = 4; lastKnownFileType = sourcecode.c.h; name = tinyxml2.h; path = src/tinyxml2.h; sourceTree = "<group>"; };
		D1F0AF051D4B1D0B0012F548 /* libGLEW.2.0.0.dylib */ = {isa = PBXFileReference; lastKnownFileType = "compiled.mach-o.dylib"; name = libGLEW.2.0.0.dylib; path = ../../../../../../../../opt/local/lib/libGLEW.2.0.0.dylib; sourceTree = "<group>"; };
		D1F0AF071D4B201B0012F548 /* OGLSimpleCube.cpp */ = {isa = PBXFileReference; fileEncoding = 4; lastKnownFileType = sourcecode.cpp.cpp; name = OGLSimpleCube.cpp; path = src/OGLSimpleCube.cpp; sourceTree = "<group>"; };
		D1F0AF081D4B201B0012F548 /* OGLSimpleCube.hpp */ = {isa = PBXFileReference; fileEncoding = 4; lastKnownFileType = sourcecode.cpp.h; name = OGLSimpleCube.hpp; path = src/OGLSimpleCube.hpp; sourceTree = "<group>"; };
		D1F0AF0A1D4B20310012F548 /* OGLCube.cpp */ = {isa = PBXFileReference; fileEncoding = 4; lastKnownFileType = sourcecode.cpp.cpp; name = OGLCube.cpp; path = src/OGLCube.cpp; sourceTree = "<group>"; };
		D1F0AF0B1D4B20310012F548 /* OGLCube.hpp */ = {isa = PBXFileReference; fileEncoding = 4; lastKnownFileType = sourcecode.cpp.h; name = OGLCube.hpp; path = src/OGLCube.hpp; sourceTree = "<group>"; };
		D1F0AF0D1D4C0BF20012F548 /* Texture.cpp */ = {isa = PBXFileReference; fileEncoding = 4; lastKnownFileType = sourcecode.cpp.cpp; name = Texture.cpp; path = src/Texture.cpp; sourceTree = "<group>"; };
		D1F0AF0E1D4C0BF20012F548 /* Texture.hpp */ = {isa = PBXFileReference; fileEncoding = 4; lastKnownFileType = sourcecode.cpp.h; name = Texture.hpp; path = src/Texture.hpp; sourceTree = "<group>"; };
		D1F9B6F41D8C95F1005BEBE2 /* OGLRenderableCube.cpp */ = {isa = PBXFileReference; fileEncoding = 4; lastKnownFileType = sourcecode.cpp.cpp; name = OGLRenderableCube.cpp; path = src/OGLRenderableCube.cpp; sourceTree = "<group>"; };
		D1F9B6F51D8C95F1005BEBE2 /* OGLRenderableCube.hpp */ = {isa = PBXFileReference; fileEncoding = 4; lastKnownFileType = sourcecode.cpp.h; name = OGLRenderableCube.hpp; path = src/OGLRenderableCube.hpp; sourceTree = "<group>"; };
		D1F9B6F71D8C9895005BEBE2 /* OGLRenderableQuad.cpp */ = {isa = PBXFileReference; fileEncoding = 4; lastKnownFileType = sourcecode.cpp.cpp; name = OGLRenderableQuad.cpp; path = src/OGLRenderableQuad.cpp; sourceTree = "<group>"; };
		D1F9B6F81D8C9895005BEBE2 /* OGLRenderableQuad.hpp */ = {isa = PBXFileReference; fileEncoding = 4; lastKnownFileType = sourcecode.cpp.h; name = OGLRenderableQuad.hpp; path = src/OGLRenderableQuad.hpp; sourceTree = "<group>"; };
/* End PBXFileReference section */

/* Begin PBXFrameworksBuildPhase section */
		D15B06901D185F9000F77089 /* Frameworks */ = {
			isa = PBXFrameworksBuildPhase;
			buildActionMask = 2147483647;
			files = (
				D1520D251D7C92D000F8B6B3 /* libassimp.3.0.0.dylib in Frameworks */,
				D1F0AF061D4B1D0B0012F548 /* libGLEW.2.0.0.dylib in Frameworks */,
				D1E5DFAB1D1B510400FA6C52 /* libAntTweakBar.dylib in Frameworks */,
				D15B06A91D18601400F77089 /* libglfw.3.2.dylib in Frameworks */,
				D15B06A61D18600400F77089 /* OpenGL.framework in Frameworks */,
			);
			runOnlyForDeploymentPostprocessing = 0;
		};
/* End PBXFrameworksBuildPhase section */

/* Begin PBXGroup section */
		D113D9AB1D4B0E5D009A34DC /* Stages */ = {
			isa = PBXGroup;
			children = (
				D1BCF1DC1D73110600744215 /* OGLAnimatedPyramids.cpp */,
				D1BCF1DD1D73110600744215 /* OGLAnimatedPyramids.hpp */,
				D1BCF1DE1D73110600744215 /* OGLCameraStage.cpp */,
				D1BCF1DF1D73110600744215 /* OGLCameraStage.hpp */,
				D1A5159F1D8716F300B13FA1 /* OGLFrustumCulling.cpp */,
				D1A515A01D8716F300B13FA1 /* OGLFrustumCulling.hpp */,
				D131DAAF1D5A55C300A129CE /* OGLGeometryShader.cpp */,
				D131DAB01D5A55C300A129CE /* OGLGeometryShader.hpp */,
				D1BCF1E21D73113A00744215 /* OGLIndexedDraw.cpp */,
				D1BCF1E31D73113A00744215 /* OGLIndexedDraw.hpp */,
				D1520D101D7C91CB00F8B6B3 /* OGLMaterialInstancedDraw.cpp */,
				D1520D111D7C91CB00F8B6B3 /* OGLMaterialInstancedDraw.hpp */,
				D134A4061D52820B0029C42A /* OGLMipmaps.cpp */,
				D134A4071D52820B0029C42A /* OGLMipmaps.hpp */,
				D1D7BFF61D554C42009352D8 /* OGLMixTexture.cpp */,
				D1D7BFF71D554C42009352D8 /* OGLMixTexture.hpp */,
				D14DED731D5E2A570023630A /* OGLModelMatrix.cpp */,
				D14DED741D5E2A570023630A /* OGLModelMatrix.hpp */,
				D13B91851D7F25A9005A6095 /* OGLMultipleLights.cpp */,
				D13B91861D7F25A9005A6095 /* OGLMultipleLights.hpp */,
				D1520D121D7C91CB00F8B6B3 /* OGLPointLight.cpp */,
				D1520D131D7C91CB00F8B6B3 /* OGLPointLight.hpp */,
				D113D9B11D4B0EB8009A34DC /* OGLPointSize.cpp */,
				D113D9B21D4B0EB8009A34DC /* OGLPointSize.hpp */,
				D131DAA31D58FB3100A129CE /* OGLRipplePlane.cpp */,
				D131DAA41D58FB3100A129CE /* OGLRipplePlane.hpp */,
				D1F0AF071D4B201B0012F548 /* OGLSimpleCube.cpp */,
				D1F0AF081D4B201B0012F548 /* OGLSimpleCube.hpp */,
				D1BCF1E41D73113A00744215 /* OGLSimpleLighting.cpp */,
				D1BCF1E51D73113A00744215 /* OGLSimpleLighting.hpp */,
				D113D9B31D4B0EB8009A34DC /* OGLSimpleTriangle.cpp */,
				D113D9B41D4B0EB8009A34DC /* OGLSimpleTriangle.hpp */,
				D12DC4A11D74A43200C2140D /* OGLSkybox.cpp */,
				D12DC4A21D74A43200C2140D /* OGLSkybox.hpp */,
				D1520D141D7C91CB00F8B6B3 /* OGLSpotLight.cpp */,
				D1520D151D7C91CB00F8B6B3 /* OGLSpotLight.hpp */,
				D113D9AD1D4B0EB8009A34DC /* FactoryStage.cpp */,
				D113D9AE1D4B0EB8009A34DC /* FactoryStage.hpp */,
			);
			name = Stages;
			sourceTree = "<group>";
		};
		D113D9AC1D4B0E66009A34DC /* Objects */ = {
			isa = PBXGroup;
			children = (
				D1E6AEA71D304C8800CAD186 /* OGLObject.hpp */,
				D134A4081D52820B0029C42A /* OGLQuad.cpp */,
				D134A4091D52820B0029C42A /* OGLQuad.hpp */,
				D1F0AF0A1D4B20310012F548 /* OGLCube.cpp */,
				D1F0AF0B1D4B20310012F548 /* OGLCube.hpp */,
				D1520D191D7C922A00F8B6B3 /* OGLLight.cpp */,
				D1520D1A1D7C922A00F8B6B3 /* OGLLight.hpp */,
				D113D9B91D4B0EC6009A34DC /* OGLPoint.cpp */,
				D113D9BA1D4B0EC6009A34DC /* OGLPoint.hpp */,
				D113D9BB1D4B0EC6009A34DC /* OGLTriangle.cpp */,
				D113D9BC1D4B0EC6009A34DC /* OGLTriangle.hpp */,
				D1814D551D53DA5100E1F4F2 /* OGLObjResizable.hpp */,
				D1F9B6F41D8C95F1005BEBE2 /* OGLRenderableCube.cpp */,
				D1F9B6F51D8C95F1005BEBE2 /* OGLRenderableCube.hpp */,
				D1F9B6F71D8C9895005BEBE2 /* OGLRenderableQuad.cpp */,
				D1F9B6F81D8C9895005BEBE2 /* OGLRenderableQuad.hpp */,
			);
			name = Objects;
			sourceTree = "<group>";
		};
		D15B068A1D185F9000F77089 = {
			isa = PBXGroup;
			children = (
				D1520D241D7C92D000F8B6B3 /* libassimp.3.0.0.dylib */,
				D1F0AF051D4B1D0B0012F548 /* libGLEW.2.0.0.dylib */,
				D13F506D1D1B50CD003E29B9 /* libAntTweakBar.a */,
				D13439F41D1B2F0F0024C47C /* libAntTweakBar.dylib */,
				D15B06A71D18601400F77089 /* libglfw.3.2.dylib */,
				D15B06A51D18600400F77089 /* OpenGL.framework */,
				D15B06951D185F9000F77089 /* OGLPlatform */,
				D15B06941D185F9000F77089 /* Products */,
			);
			sourceTree = "<group>";
		};
		D15B06941D185F9000F77089 /* Products */ = {
			isa = PBXGroup;
			children = (
				D15B06931D185F9000F77089 /* OGLPlatform */,
			);
			name = Products;
			sourceTree = "<group>";
		};
		D15B06951D185F9000F77089 /* OGLPlatform */ = {
			isa = PBXGroup;
			children = (
				D1843C6F1D4D7E0400D077CE /* GLI */,
				D113D9AC1D4B0E66009A34DC /* Objects */,
				D113D9AB1D4B0E5D009A34DC /* Stages */,
				D1926A491D2C5DD100657C3F /* main.cpp */,
				D1926A421D23251200657C3F /* Commons */,
				D1926A411D2324F700657C3F /* AntTweakBar */,
				D1926A401D2324DC00657C3F /* GLFW */,
				D1926A3F1D2324A600657C3F /* OGLCore */,
			);
			path = OGLPlatform;
			sourceTree = "<group>";
		};
		D1843C6F1D4D7E0400D077CE /* GLI */ = {
			isa = PBXGroup;
			children = (
				D1DE70251D4D5DD3009A5159 /* GLIImage.cpp */,
				D1DE70261D4D5DD3009A5159 /* GLIImage.hpp */,
			);
			name = GLI;
			sourceTree = "<group>";
		};
		D1926A3F1D2324A600657C3F /* OGLCore */ = {
			isa = PBXGroup;
			children = (
				D1926A4A1D2C5DD100657C3F /* Application.cpp */,
				D1926A4B1D2C5DD100657C3F /* Application.hpp */,
				D19544C01D60F0E70041F2A0 /* Camera.cpp */,
				D19544C11D60F0E70041F2A0 /* Camera.hpp */,
				D1636E6F1D5687AC006E2648 /* Context.hpp */,
				D135417D1D4D5EFE00B01378 /* Image.hpp */,
				D13541851D4D623400B01378 /* ImageFactory.cpp */,
				D13541861D4D623400B01378 /* ImageFactory.hpp */,
				D1520D1C1D7C928200F8B6B3 /* Light.hpp */,
				D1520D1D1D7C928200F8B6B3 /* Material.hpp */,
				D1520D1E1D7C928200F8B6B3 /* Mesh.cpp */,
				D1520D1F1D7C928200F8B6B3 /* Mesh.hpp */,
				D1520D201D7C928200F8B6B3 /* Model.cpp */,
				D1520D211D7C928200F8B6B3 /* Model.hpp */,
				D1814D581D542B4500E1F4F2 /* OGLResource.hpp */,
				D1926A431D2C5DB400657C3F /* Program.cpp */,
				D1926A441D2C5DB400657C3F /* Program.hpp */,
				D1D403881D56379600DCC53F /* Sampler.cpp */,
				D1D403891D56379600DCC53F /* Sampler.hpp */,
				D1926A451D2C5DB400657C3F /* Shader.cpp */,
				D1926A461D2C5DB400657C3F /* Shader.hpp */,
				D1926A601D30499E00657C3F /* Stage.cpp */,
				D1926A611D30499E00657C3F /* Stage.hpp */,
				D1F0AF0D1D4C0BF20012F548 /* Texture.cpp */,
				D1F0AF0E1D4C0BF20012F548 /* Texture.hpp */,
				D135417F1D4D5EFE00B01378 /* Vertex.hpp */,
				D1926A5C1D2D9E6A00657C3F /* VertexArray.cpp */,
				D1926A5D1D2D9E6A00657C3F /* VertexArray.hpp */,
				D1926A591D2C5E9900657C3F /* VertexBuffer.cpp */,
				D1926A5A1D2C5E9900657C3F /* VertexBuffer.hpp */,
				D1926A521D2C5DFC00657C3F /* Window.hpp */,
				D1D7933C1D5741BC007319C3 /* OpenGLInfos.cpp */,
				D1D7933D1D5741BC007319C3 /* OpenGLInfos.hpp */,
				D1E9C0301D885EFE00B49891 /* Query.cpp */,
				D1E9C0311D885EFE00B49891 /* Query.hpp */,
			);
			name = OGLCore;
			sourceTree = "<group>";
		};
		D1926A401D2324DC00657C3F /* GLFW */ = {
			isa = PBXGroup;
			children = (
				D1926A4E1D2C5DFC00657C3F /* GLFWUtility.hpp */,
				D1D7933F1D57473E007319C3 /* GLFWContext.cpp */,
				D1D793401D57473E007319C3 /* GLFWContext.hpp */,
				D131DAAC1D58FB6600A129CE /* WindowGLFW.cpp */,
				D131DAAD1D58FB6600A129CE /* WindowGLFW.hpp */,
			);
			name = GLFW;
			sourceTree = "<group>";
		};
		D1926A411D2324F700657C3F /* AntTweakBar */ = {
			isa = PBXGroup;
			children = (
				D131DAA21D58FB0700A129CE /* ATBResource.hpp */,
				D1926A551D2C5E0E00657C3F /* OGLAntTweakBar.cpp */,
				D1926A561D2C5E0E00657C3F /* OGLAntTweakBar.hpp */,
				D13541881D4D66CF00B01378 /* ATBGLEnumWrapper.h */,
				D1843C6D1D4D764200D077CE /* ATBGLEnumWrapper.cpp */,
			);
			name = AntTweakBar;
			sourceTree = "<group>";
		};
		D1926A421D23251200657C3F /* Commons */ = {
			isa = PBXGroup;
			children = (
				D14DED791D60CC960023630A /* EventManager.cpp */,
				D14DED7A1D60CC960023630A /* EventManager.hpp */,
				D131DAA61D58FB4400A129CE /* OGLUtility.cpp */,
				D131DAA71D58FB4400A129CE /* OGLUtility.hpp */,
				D1F0AF021D4B1AC10012F548 /* tinyxml2.cpp */,
				D1F0AF031D4B1AC10012F548 /* tinyxml2.h */,
				D113D9BF1D4B0ED6009A34DC /* OGLApplicationConstants.cpp */,
				D113D9C01D4B0ED6009A34DC /* OGLApplicationConstants.hpp */,
				D113D9C11D4B0ED6009A34DC /* ApplicationSettings.cpp */,
				D113D9C21D4B0ED6009A34DC /* ApplicationSettings.hpp */,
				D1926A581D2C5E6700657C3F /* Uncopyable.hpp */,
				D1A5159C1D8711D600B13FA1 /* CameraUtils.cpp */,
				D1A5159D1D8711D600B13FA1 /* CameraUtils.hpp */,
			);
			name = Commons;
			sourceTree = "<group>";
		};
/* End PBXGroup section */

/* Begin PBXNativeTarget section */
		D15B06921D185F9000F77089 /* OGLPlatform */ = {
			isa = PBXNativeTarget;
			buildConfigurationList = D15B069A1D185F9000F77089 /* Build configuration list for PBXNativeTarget "OGLPlatform" */;
			buildPhases = (
				D15B068F1D185F9000F77089 /* Sources */,
				D15B06901D185F9000F77089 /* Frameworks */,
				D15B06911D185F9000F77089 /* CopyFiles */,
			);
			buildRules = (
			);
			dependencies = (
			);
			name = OGLPlatform;
			productName = OGLPlatform;
			productReference = D15B06931D185F9000F77089 /* OGLPlatform */;
			productType = "com.apple.product-type.tool";
		};
/* End PBXNativeTarget section */

/* Begin PBXProject section */
		D15B068B1D185F9000F77089 /* Project object */ = {
			isa = PBXProject;
			attributes = {
				LastUpgradeCheck = 0800;
				ORGANIZATIONNAME = "Guillaume Trollé";
				TargetAttributes = {
					D15B06921D185F9000F77089 = {
						CreatedOnToolsVersion = 7.3.1;
					};
				};
			};
			buildConfigurationList = D15B068E1D185F9000F77089 /* Build configuration list for PBXProject "OGLPlatform" */;
			compatibilityVersion = "Xcode 3.2";
			developmentRegion = English;
			hasScannedForEncodings = 0;
			knownRegions = (
				en,
			);
			mainGroup = D15B068A1D185F9000F77089;
			productRefGroup = D15B06941D185F9000F77089 /* Products */;
			projectDirPath = "";
			projectRoot = "";
			targets = (
				D15B06921D185F9000F77089 /* OGLPlatform */,
			);
		};
/* End PBXProject section */

/* Begin PBXSourcesBuildPhase section */
		D15B068F1D185F9000F77089 /* Sources */ = {
			isa = PBXSourcesBuildPhase;
			buildActionMask = 2147483647;
			files = (
				D113D9B71D4B0EB8009A34DC /* OGLPointSize.cpp in Sources */,
				D1520D231D7C928200F8B6B3 /* Model.cpp in Sources */,
				D131DAAA1D58FB4400A129CE /* OGLUtility.cpp in Sources */,
				D1926A471D2C5DB400657C3F /* Program.cpp in Sources */,
				D113D9B51D4B0EB8009A34DC /* FactoryStage.cpp in Sources */,
				D1D7BFF81D554C42009352D8 /* OGLMixTexture.cpp in Sources */,
				D1843C6E1D4D764200D077CE /* ATBGLEnumWrapper.cpp in Sources */,
				D1F0AF091D4B201B0012F548 /* OGLSimpleCube.cpp in Sources */,
				D1F0AF041D4B1AC10012F548 /* tinyxml2.cpp in Sources */,
				D1BCF1E01D73110600744215 /* OGLAnimatedPyramids.cpp in Sources */,
				D1A5159E1D8711D600B13FA1 /* CameraUtils.cpp in Sources */,
				D1520D221D7C928200F8B6B3 /* Mesh.cpp in Sources */,
				D1926A621D30499E00657C3F /* Stage.cpp in Sources */,
				D1DE70271D4D5DD3009A5159 /* GLIImage.cpp in Sources */,
				D1520D161D7C91CB00F8B6B3 /* OGLMaterialInstancedDraw.cpp in Sources */,
				D1926A571D2C5E0E00657C3F /* OGLAntTweakBar.cpp in Sources */,
				D113D9C31D4B0ED6009A34DC /* OGLApplicationConstants.cpp in Sources */,
				D134A40C1D52820B0029C42A /* OGLQuad.cpp in Sources */,
				D113D9C41D4B0ED6009A34DC /* ApplicationSettings.cpp in Sources */,
				D1BCF1E61D73113A00744215 /* OGLIndexedDraw.cpp in Sources */,
				D1BCF1E71D73113A00744215 /* OGLSimpleLighting.cpp in Sources */,
				D131DAB11D5A55C300A129CE /* OGLGeometryShader.cpp in Sources */,
				D1F0AF0C1D4B20310012F548 /* OGLCube.cpp in Sources */,
				D1520D171D7C91CB00F8B6B3 /* OGLPointLight.cpp in Sources */,
				D1520D181D7C91CB00F8B6B3 /* OGLSpotLight.cpp in Sources */,
				D113D9B81D4B0EB8009A34DC /* OGLSimpleTriangle.cpp in Sources */,
				D1A515A11D8716F300B13FA1 /* OGLFrustumCulling.cpp in Sources */,
				D1F9B6F91D8C9895005BEBE2 /* OGLRenderableQuad.cpp in Sources */,
				D14DED7B1D60CC960023630A /* EventManager.cpp in Sources */,
				D1F0AF0F1D4C0BF20012F548 /* Texture.cpp in Sources */,
				D13541871D4D623400B01378 /* ImageFactory.cpp in Sources */,
				D13B91871D7F25A9005A6095 /* OGLMultipleLights.cpp in Sources */,
				D1926A4C1D2C5DD100657C3F /* main.cpp in Sources */,
				D12DC4A31D74A43200C2140D /* OGLSkybox.cpp in Sources */,
				D113D9BD1D4B0EC6009A34DC /* OGLPoint.cpp in Sources */,
				D131DAAE1D58FB6600A129CE /* WindowGLFW.cpp in Sources */,
				D131DAA51D58FB3100A129CE /* OGLRipplePlane.cpp in Sources */,
				D1520D1B1D7C922A00F8B6B3 /* OGLLight.cpp in Sources */,
				D19544C21D60F0E70041F2A0 /* Camera.cpp in Sources */,
				D1D7933E1D5741BC007319C3 /* OpenGLInfos.cpp in Sources */,
				D134A40B1D52820B0029C42A /* OGLMipmaps.cpp in Sources */,
				D113D9BE1D4B0EC6009A34DC /* OGLTriangle.cpp in Sources */,
				D1D4038A1D56379600DCC53F /* Sampler.cpp in Sources */,
				D1926A481D2C5DB400657C3F /* Shader.cpp in Sources */,
				D1BCF1E11D73110600744215 /* OGLCameraStage.cpp in Sources */,
				D1D793411D57473E007319C3 /* GLFWContext.cpp in Sources */,
				D1926A5B1D2C5E9900657C3F /* VertexBuffer.cpp in Sources */,
				D1F9B6F61D8C95F1005BEBE2 /* OGLRenderableCube.cpp in Sources */,
				D14DED751D5E2A570023630A /* OGLModelMatrix.cpp in Sources */,
				D1926A4D1D2C5DD100657C3F /* Application.cpp in Sources */,
				D1E9C0321D885EFE00B49891 /* Query.cpp in Sources */,
				D1926A5E1D2D9E6A00657C3F /* VertexArray.cpp in Sources */,
			);
			runOnlyForDeploymentPostprocessing = 0;
		};
/* End PBXSourcesBuildPhase section */

/* Begin XCBuildConfiguration section */
		D15B06981D185F9000F77089 /* Debug */ = {
			isa = XCBuildConfiguration;
			buildSettings = {
				ALWAYS_SEARCH_USER_PATHS = NO;
				CLANG_ANALYZER_NONNULL = YES;
				CLANG_CXX_LANGUAGE_STANDARD = "gnu++0x";
				CLANG_CXX_LIBRARY = "libc++";
				CLANG_ENABLE_MODULES = YES;
				CLANG_ENABLE_OBJC_ARC = YES;
				CLANG_WARN_BOOL_CONVERSION = YES;
				CLANG_WARN_CONSTANT_CONVERSION = YES;
				CLANG_WARN_DIRECT_OBJC_ISA_USAGE = YES_ERROR;
				CLANG_WARN_EMPTY_BODY = YES;
				CLANG_WARN_ENUM_CONVERSION = YES;
				CLANG_WARN_INFINITE_RECURSION = YES;
				CLANG_WARN_INT_CONVERSION = YES;
				CLANG_WARN_OBJC_ROOT_CLASS = YES_ERROR;
				CLANG_WARN_SUSPICIOUS_MOVE = YES;
				CLANG_WARN_UNREACHABLE_CODE = YES;
				CLANG_WARN__DUPLICATE_METHOD_MATCH = YES;
				CODE_SIGN_IDENTITY = "-";
				COPY_PHASE_STRIP = NO;
				DEBUG_INFORMATION_FORMAT = dwarf;
				ENABLE_STRICT_OBJC_MSGSEND = YES;
				ENABLE_TESTABILITY = YES;
				GCC_C_LANGUAGE_STANDARD = gnu99;
				GCC_DYNAMIC_NO_PIC = NO;
				GCC_NO_COMMON_BLOCKS = YES;
				GCC_OPTIMIZATION_LEVEL = 0;
				GCC_PREPROCESSOR_DEFINITIONS = (
					"DEBUG=1",
					"$(inherited)",
				);
				GCC_WARN_64_TO_32_BIT_CONVERSION = YES;
				GCC_WARN_ABOUT_RETURN_TYPE = YES_ERROR;
				GCC_WARN_UNDECLARED_SELECTOR = YES;
				GCC_WARN_UNINITIALIZED_AUTOS = YES_AGGRESSIVE;
				GCC_WARN_UNUSED_FUNCTION = YES;
				GCC_WARN_UNUSED_VARIABLE = YES;
				MACOSX_DEPLOYMENT_TARGET = 10.11;
				MTL_ENABLE_DEBUG_INFO = YES;
				ONLY_ACTIVE_ARCH = YES;
				SDKROOT = macosx;
				VALID_ARCHS = "i386 x86_64";
			};
			name = Debug;
		};
		D15B06991D185F9000F77089 /* Release */ = {
			isa = XCBuildConfiguration;
			buildSettings = {
				ALWAYS_SEARCH_USER_PATHS = NO;
				CLANG_ANALYZER_NONNULL = YES;
				CLANG_CXX_LANGUAGE_STANDARD = "gnu++0x";
				CLANG_CXX_LIBRARY = "libc++";
				CLANG_ENABLE_MODULES = YES;
				CLANG_ENABLE_OBJC_ARC = YES;
				CLANG_WARN_BOOL_CONVERSION = YES;
				CLANG_WARN_CONSTANT_CONVERSION = YES;
				CLANG_WARN_DIRECT_OBJC_ISA_USAGE = YES_ERROR;
				CLANG_WARN_EMPTY_BODY = YES;
				CLANG_WARN_ENUM_CONVERSION = YES;
				CLANG_WARN_INFINITE_RECURSION = YES;
				CLANG_WARN_INT_CONVERSION = YES;
				CLANG_WARN_OBJC_ROOT_CLASS = YES_ERROR;
				CLANG_WARN_SUSPICIOUS_MOVE = YES;
				CLANG_WARN_UNREACHABLE_CODE = YES;
				CLANG_WARN__DUPLICATE_METHOD_MATCH = YES;
				CODE_SIGN_IDENTITY = "-";
				COPY_PHASE_STRIP = NO;
				DEBUG_INFORMATION_FORMAT = "dwarf-with-dsym";
				ENABLE_NS_ASSERTIONS = NO;
				ENABLE_STRICT_OBJC_MSGSEND = YES;
				GCC_C_LANGUAGE_STANDARD = gnu99;
				GCC_NO_COMMON_BLOCKS = YES;
				GCC_WARN_64_TO_32_BIT_CONVERSION = YES;
				GCC_WARN_ABOUT_RETURN_TYPE = YES_ERROR;
				GCC_WARN_UNDECLARED_SELECTOR = YES;
				GCC_WARN_UNINITIALIZED_AUTOS = YES_AGGRESSIVE;
				GCC_WARN_UNUSED_FUNCTION = YES;
				GCC_WARN_UNUSED_VARIABLE = YES;
				MACOSX_DEPLOYMENT_TARGET = 10.11;
				MTL_ENABLE_DEBUG_INFO = NO;
				ONLY_ACTIVE_ARCH = NO;
				SDKROOT = macosx;
				VALID_ARCHS = "i386 x86_64";
			};
			name = Release;
		};
		D15B069B1D185F9000F77089 /* Debug */ = {
			isa = XCBuildConfiguration;
			buildSettings = {
				CLANG_CXX_LANGUAGE_STANDARD = "gnu++14";
				FRAMEWORK_SEARCH_PATHS = "";
				HEADER_SEARCH_PATHS = /opt/local/include;
				LIBRARY_SEARCH_PATHS = (
					"$(inherited)",
					/opt/local/lib,
				);
				ONLY_ACTIVE_ARCH = YES;
				PRODUCT_NAME = "$(TARGET_NAME)";
				SUPPORTED_PLATFORMS = macosx;
			};
			name = Debug;
		};
		D15B069C1D185F9000F77089 /* Release */ = {
			isa = XCBuildConfiguration;
			buildSettings = {
				CLANG_CXX_LANGUAGE_STANDARD = "gnu++14";
				FRAMEWORK_SEARCH_PATHS = "";
				HEADER_SEARCH_PATHS = /opt/local/include;
				LIBRARY_SEARCH_PATHS = (
					"$(inherited)",
					/opt/local/lib,
				);
				ONLY_ACTIVE_ARCH = YES;
				PRODUCT_NAME = "$(TARGET_NAME)";
				SUPPORTED_PLATFORMS = macosx;
			};
			name = Release;
		};
/* End XCBuildConfiguration section */

/* Begin XCConfigurationList section */
		D15B068E1D185F9000F77089 /* Build configuration list for PBXProject "OGLPlatform" */ = {
			isa = XCConfigurationList;
			buildConfigurations = (
				D15B06981D185F9000F77089 /* Debug */,
				D15B06991D185F9000F77089 /* Release */,
			);
			defaultConfigurationIsVisible = 0;
			defaultConfigurationName = Release;
		};
		D15B069A1D185F9000F77089 /* Build configuration list for PBXNativeTarget "OGLPlatform" */ = {
			isa = XCConfigurationList;
			buildConfigurations = (
				D15B069B1D185F9000F77089 /* Debug */,
				D15B069C1D185F9000F77089 /* Release */,
			);
			defaultConfigurationIsVisible = 0;
			defaultConfigurationName = Release;
		};
/* End XCConfigurationList section */
	};
	rootObject = D15B068B1D185F9000F77089 /* Project object */;
}
