// !$*UTF8*$!
{
	archiveVersion = 1;
	classes = {
	};
	objectVersion = 46;
	objects = {

/* Begin PBXBuildFile section */
		D15B06A61D18600400F77089 /* OpenGL.framework in Frameworks */ = {isa = PBXBuildFile; fileRef = D15B06A51D18600400F77089 /* OpenGL.framework */; };
		D15B06A91D18601400F77089 /* libglfw.3.2.dylib in Frameworks */ = {isa = PBXBuildFile; fileRef = D15B06A71D18601400F77089 /* libglfw.3.2.dylib */; };
		D15B06AA1D18601400F77089 /* libGLEW.1.13.0.dylib in Frameworks */ = {isa = PBXBuildFile; fileRef = D15B06A81D18601400F77089 /* libGLEW.1.13.0.dylib */; };
		D1926A471D2C5DB400657C3F /* OGLProgram.cpp in Sources */ = {isa = PBXBuildFile; fileRef = D1926A431D2C5DB400657C3F /* OGLProgram.cpp */; };
		D1926A481D2C5DB400657C3F /* OGLShader.cpp in Sources */ = {isa = PBXBuildFile; fileRef = D1926A451D2C5DB400657C3F /* OGLShader.cpp */; };
		D1926A4C1D2C5DD100657C3F /* main.cpp in Sources */ = {isa = PBXBuildFile; fileRef = D1926A491D2C5DD100657C3F /* main.cpp */; };
		D1926A4D1D2C5DD100657C3F /* OGLApplication.cpp in Sources */ = {isa = PBXBuildFile; fileRef = D1926A4A1D2C5DD100657C3F /* OGLApplication.cpp */; };
		D1926A531D2C5DFC00657C3F /* OGLglfw.cpp in Sources */ = {isa = PBXBuildFile; fileRef = D1926A4F1D2C5DFC00657C3F /* OGLglfw.cpp */; };
		D1926A541D2C5DFC00657C3F /* OGLWindow.cpp in Sources */ = {isa = PBXBuildFile; fileRef = D1926A511D2C5DFC00657C3F /* OGLWindow.cpp */; };
		D1926A571D2C5E0E00657C3F /* OGLAntTweakBar.cpp in Sources */ = {isa = PBXBuildFile; fileRef = D1926A551D2C5E0E00657C3F /* OGLAntTweakBar.cpp */; };
		D1926A5B1D2C5E9900657C3F /* OGLVertexBuffer.cpp in Sources */ = {isa = PBXBuildFile; fileRef = D1926A591D2C5E9900657C3F /* OGLVertexBuffer.cpp */; };
		D1926A5E1D2D9E6A00657C3F /* OGLVertexArray.cpp in Sources */ = {isa = PBXBuildFile; fileRef = D1926A5C1D2D9E6A00657C3F /* OGLVertexArray.cpp */; };
		D1E5DFAB1D1B510400FA6C52 /* libAntTweakBar.dylib in Frameworks */ = {isa = PBXBuildFile; fileRef = D13439F41D1B2F0F0024C47C /* libAntTweakBar.dylib */; };
/* End PBXBuildFile section */

/* Begin PBXCopyFilesBuildPhase section */
		D15B06911D185F9000F77089 /* CopyFiles */ = {
			isa = PBXCopyFilesBuildPhase;
			buildActionMask = 2147483647;
			dstPath = /usr/share/man/man1/;
			dstSubfolderSpec = 0;
			files = (
			);
			runOnlyForDeploymentPostprocessing = 1;
		};
/* End PBXCopyFilesBuildPhase section */

/* Begin PBXFileReference section */
		D13439F41D1B2F0F0024C47C /* libAntTweakBar.dylib */ = {isa = PBXFileReference; lastKnownFileType = "compiled.mach-o.dylib"; name = libAntTweakBar.dylib; path = ../../../../../../../../opt/local/lib/libAntTweakBar.dylib; sourceTree = "<group>"; };
		D13F506D1D1B50CD003E29B9 /* libAntTweakBar.a */ = {isa = PBXFileReference; lastKnownFileType = archive.ar; name = libAntTweakBar.a; path = ../../../../../../../../opt/local/lib/libAntTweakBar.a; sourceTree = "<group>"; };
		D15B06931D185F9000F77089 /* OGLPlatform */ = {isa = PBXFileReference; explicitFileType = "compiled.mach-o.executable"; includeInIndex = 0; path = OGLPlatform; sourceTree = BUILT_PRODUCTS_DIR; };
		D15B06A51D18600400F77089 /* OpenGL.framework */ = {isa = PBXFileReference; lastKnownFileType = wrapper.framework; name = OpenGL.framework; path = System/Library/Frameworks/OpenGL.framework; sourceTree = SDKROOT; };
		D15B06A71D18601400F77089 /* libglfw.3.2.dylib */ = {isa = PBXFileReference; lastKnownFileType = "compiled.mach-o.dylib"; name = libglfw.3.2.dylib; path = ../../../../../../../../opt/local/lib/libglfw.3.2.dylib; sourceTree = "<group>"; };
		D15B06A81D18601400F77089 /* libGLEW.1.13.0.dylib */ = {isa = PBXFileReference; lastKnownFileType = "compiled.mach-o.dylib"; name = libGLEW.1.13.0.dylib; path = ../../../../../../../../opt/local/lib/libGLEW.1.13.0.dylib; sourceTree = "<group>"; };
		D1926A431D2C5DB400657C3F /* OGLProgram.cpp */ = {isa = PBXFileReference; fileEncoding = 4; lastKnownFileType = sourcecode.cpp.cpp; name = OGLProgram.cpp; path = src/OGLProgram.cpp; sourceTree = "<group>"; };
		D1926A441D2C5DB400657C3F /* OGLProgram.hpp */ = {isa = PBXFileReference; fileEncoding = 4; lastKnownFileType = sourcecode.cpp.h; name = OGLProgram.hpp; path = src/OGLProgram.hpp; sourceTree = "<group>"; };
		D1926A451D2C5DB400657C3F /* OGLShader.cpp */ = {isa = PBXFileReference; fileEncoding = 4; lastKnownFileType = sourcecode.cpp.cpp; name = OGLShader.cpp; path = src/OGLShader.cpp; sourceTree = "<group>"; };
		D1926A461D2C5DB400657C3F /* OGLShader.hpp */ = {isa = PBXFileReference; fileEncoding = 4; lastKnownFileType = sourcecode.cpp.h; name = OGLShader.hpp; path = src/OGLShader.hpp; sourceTree = "<group>"; };
		D1926A491D2C5DD100657C3F /* main.cpp */ = {isa = PBXFileReference; fileEncoding = 4; lastKnownFileType = sourcecode.cpp.cpp; name = main.cpp; path = src/main.cpp; sourceTree = "<group>"; };
		D1926A4A1D2C5DD100657C3F /* OGLApplication.cpp */ = {isa = PBXFileReference; fileEncoding = 4; lastKnownFileType = sourcecode.cpp.cpp; name = OGLApplication.cpp; path = src/OGLApplication.cpp; sourceTree = "<group>"; };
		D1926A4B1D2C5DD100657C3F /* OGLApplication.hpp */ = {isa = PBXFileReference; fileEncoding = 4; lastKnownFileType = sourcecode.cpp.h; name = OGLApplication.hpp; path = src/OGLApplication.hpp; sourceTree = "<group>"; };
		D1926A4E1D2C5DFC00657C3F /* GLFWUtility.hpp */ = {isa = PBXFileReference; fileEncoding = 4; lastKnownFileType = sourcecode.cpp.h; name = GLFWUtility.hpp; path = src/GLFWUtility.hpp; sourceTree = "<group>"; };
		D1926A4F1D2C5DFC00657C3F /* OGLglfw.cpp */ = {isa = PBXFileReference; fileEncoding = 4; lastKnownFileType = sourcecode.cpp.cpp; name = OGLglfw.cpp; path = src/OGLglfw.cpp; sourceTree = "<group>"; };
		D1926A501D2C5DFC00657C3F /* OGLglfw.hpp */ = {isa = PBXFileReference; fileEncoding = 4; lastKnownFileType = sourcecode.cpp.h; name = OGLglfw.hpp; path = src/OGLglfw.hpp; sourceTree = "<group>"; };
		D1926A511D2C5DFC00657C3F /* OGLWindow.cpp */ = {isa = PBXFileReference; fileEncoding = 4; lastKnownFileType = sourcecode.cpp.cpp; name = OGLWindow.cpp; path = src/OGLWindow.cpp; sourceTree = "<group>"; };
		D1926A521D2C5DFC00657C3F /* OGLWindow.hpp */ = {isa = PBXFileReference; fileEncoding = 4; lastKnownFileType = sourcecode.cpp.h; name = OGLWindow.hpp; path = src/OGLWindow.hpp; sourceTree = "<group>"; };
		D1926A551D2C5E0E00657C3F /* OGLAntTweakBar.cpp */ = {isa = PBXFileReference; fileEncoding = 4; lastKnownFileType = sourcecode.cpp.cpp; name = OGLAntTweakBar.cpp; path = src/OGLAntTweakBar.cpp; sourceTree = "<group>"; };
		D1926A561D2C5E0E00657C3F /* OGLAntTweakBar.hpp */ = {isa = PBXFileReference; fileEncoding = 4; lastKnownFileType = sourcecode.cpp.h; name = OGLAntTweakBar.hpp; path = src/OGLAntTweakBar.hpp; sourceTree = "<group>"; };
		D1926A581D2C5E6700657C3F /* Uncopyable.hpp */ = {isa = PBXFileReference; lastKnownFileType = sourcecode.cpp.h; name = Uncopyable.hpp; path = src/Uncopyable.hpp; sourceTree = "<group>"; };
		D1926A591D2C5E9900657C3F /* OGLVertexBuffer.cpp */ = {isa = PBXFileReference; fileEncoding = 4; lastKnownFileType = sourcecode.cpp.cpp; name = OGLVertexBuffer.cpp; path = src/OGLVertexBuffer.cpp; sourceTree = "<group>"; };
		D1926A5A1D2C5E9900657C3F /* OGLVertexBuffer.hpp */ = {isa = PBXFileReference; fileEncoding = 4; lastKnownFileType = sourcecode.cpp.h; name = OGLVertexBuffer.hpp; path = src/OGLVertexBuffer.hpp; sourceTree = "<group>"; };
		D1926A5C1D2D9E6A00657C3F /* OGLVertexArray.cpp */ = {isa = PBXFileReference; fileEncoding = 4; lastKnownFileType = sourcecode.cpp.cpp; name = OGLVertexArray.cpp; path = src/OGLVertexArray.cpp; sourceTree = "<group>"; };
		D1926A5D1D2D9E6A00657C3F /* OGLVertexArray.hpp */ = {isa = PBXFileReference; fileEncoding = 4; lastKnownFileType = sourcecode.cpp.h; name = OGLVertexArray.hpp; path = src/OGLVertexArray.hpp; sourceTree = "<group>"; };
/* End PBXFileReference section */

/* Begin PBXFrameworksBuildPhase section */
		D15B06901D185F9000F77089 /* Frameworks */ = {
			isa = PBXFrameworksBuildPhase;
			buildActionMask = 2147483647;
			files = (
				D1E5DFAB1D1B510400FA6C52 /* libAntTweakBar.dylib in Frameworks */,
				D15B06A91D18601400F77089 /* libglfw.3.2.dylib in Frameworks */,
				D15B06AA1D18601400F77089 /* libGLEW.1.13.0.dylib in Frameworks */,
				D15B06A61D18600400F77089 /* OpenGL.framework in Frameworks */,
			);
			runOnlyForDeploymentPostprocessing = 0;
		};
/* End PBXFrameworksBuildPhase section */

/* Begin PBXGroup section */
		D15B068A1D185F9000F77089 = {
			isa = PBXGroup;
			children = (
				D13F506D1D1B50CD003E29B9 /* libAntTweakBar.a */,
				D13439F41D1B2F0F0024C47C /* libAntTweakBar.dylib */,
				D15B06A71D18601400F77089 /* libglfw.3.2.dylib */,
				D15B06A81D18601400F77089 /* libGLEW.1.13.0.dylib */,
				D15B06A51D18600400F77089 /* OpenGL.framework */,
				D15B06951D185F9000F77089 /* OGLPlatform */,
				D15B06941D185F9000F77089 /* Products */,
			);
			sourceTree = "<group>";
		};
		D15B06941D185F9000F77089 /* Products */ = {
			isa = PBXGroup;
			children = (
				D15B06931D185F9000F77089 /* OGLPlatform */,
			);
			name = Products;
			sourceTree = "<group>";
		};
		D15B06951D185F9000F77089 /* OGLPlatform */ = {
			isa = PBXGroup;
			children = (
				D1926A491D2C5DD100657C3F /* main.cpp */,
				D1926A4A1D2C5DD100657C3F /* OGLApplication.cpp */,
				D1926A4B1D2C5DD100657C3F /* OGLApplication.hpp */,
				D1926A421D23251200657C3F /* Commons */,
				D1926A411D2324F700657C3F /* AntTweakBar */,
				D1926A401D2324DC00657C3F /* GLFW */,
				D1926A3F1D2324A600657C3F /* OGLCore */,
			);
			path = OGLPlatform;
			sourceTree = "<group>";
		};
		D1926A3F1D2324A600657C3F /* OGLCore */ = {
			isa = PBXGroup;
			children = (
				D1926A431D2C5DB400657C3F /* OGLProgram.cpp */,
				D1926A441D2C5DB400657C3F /* OGLProgram.hpp */,
				D1926A451D2C5DB400657C3F /* OGLShader.cpp */,
				D1926A461D2C5DB400657C3F /* OGLShader.hpp */,
				D1926A591D2C5E9900657C3F /* OGLVertexBuffer.cpp */,
				D1926A5A1D2C5E9900657C3F /* OGLVertexBuffer.hpp */,
				D1926A5C1D2D9E6A00657C3F /* OGLVertexArray.cpp */,
				D1926A5D1D2D9E6A00657C3F /* OGLVertexArray.hpp */,
			);
			name = OGLCore;
			sourceTree = "<group>";
		};
		D1926A401D2324DC00657C3F /* GLFW */ = {
			isa = PBXGroup;
			children = (
				D1926A4E1D2C5DFC00657C3F /* GLFWUtility.hpp */,
				D1926A4F1D2C5DFC00657C3F /* OGLglfw.cpp */,
				D1926A501D2C5DFC00657C3F /* OGLglfw.hpp */,
				D1926A511D2C5DFC00657C3F /* OGLWindow.cpp */,
				D1926A521D2C5DFC00657C3F /* OGLWindow.hpp */,
			);
			name = GLFW;
			sourceTree = "<group>";
		};
		D1926A411D2324F700657C3F /* AntTweakBar */ = {
			isa = PBXGroup;
			children = (
				D1926A551D2C5E0E00657C3F /* OGLAntTweakBar.cpp */,
				D1926A561D2C5E0E00657C3F /* OGLAntTweakBar.hpp */,
			);
			name = AntTweakBar;
			sourceTree = "<group>";
		};
		D1926A421D23251200657C3F /* Commons */ = {
			isa = PBXGroup;
			children = (
				D1926A581D2C5E6700657C3F /* Uncopyable.hpp */,
			);
			name = Commons;
			sourceTree = "<group>";
		};
/* End PBXGroup section */

/* Begin PBXNativeTarget section */
		D15B06921D185F9000F77089 /* OGLPlatform */ = {
			isa = PBXNativeTarget;
			buildConfigurationList = D15B069A1D185F9000F77089 /* Build configuration list for PBXNativeTarget "OGLPlatform" */;
			buildPhases = (
				D15B068F1D185F9000F77089 /* Sources */,
				D15B06901D185F9000F77089 /* Frameworks */,
				D15B06911D185F9000F77089 /* CopyFiles */,
			);
			buildRules = (
			);
			dependencies = (
			);
			name = OGLPlatform;
			productName = OGLPlatform;
			productReference = D15B06931D185F9000F77089 /* OGLPlatform */;
			productType = "com.apple.product-type.tool";
		};
/* End PBXNativeTarget section */

/* Begin PBXProject section */
		D15B068B1D185F9000F77089 /* Project object */ = {
			isa = PBXProject;
			attributes = {
				LastUpgradeCheck = 0730;
				ORGANIZATIONNAME = "Guillaume Trollé";
				TargetAttributes = {
					D15B06921D185F9000F77089 = {
						CreatedOnToolsVersion = 7.3.1;
					};
				};
			};
			buildConfigurationList = D15B068E1D185F9000F77089 /* Build configuration list for PBXProject "OGLPlatform" */;
			compatibilityVersion = "Xcode 3.2";
			developmentRegion = English;
			hasScannedForEncodings = 0;
			knownRegions = (
				en,
			);
			mainGroup = D15B068A1D185F9000F77089;
			productRefGroup = D15B06941D185F9000F77089 /* Products */;
			projectDirPath = "";
			projectRoot = "";
			targets = (
				D15B06921D185F9000F77089 /* OGLPlatform */,
			);
		};
/* End PBXProject section */

/* Begin PBXSourcesBuildPhase section */
		D15B068F1D185F9000F77089 /* Sources */ = {
			isa = PBXSourcesBuildPhase;
			buildActionMask = 2147483647;
			files = (
				D1926A471D2C5DB400657C3F /* OGLProgram.cpp in Sources */,
				D1926A541D2C5DFC00657C3F /* OGLWindow.cpp in Sources */,
				D1926A571D2C5E0E00657C3F /* OGLAntTweakBar.cpp in Sources */,
				D1926A4C1D2C5DD100657C3F /* main.cpp in Sources */,
				D1926A531D2C5DFC00657C3F /* OGLglfw.cpp in Sources */,
				D1926A481D2C5DB400657C3F /* OGLShader.cpp in Sources */,
				D1926A5B1D2C5E9900657C3F /* OGLVertexBuffer.cpp in Sources */,
				D1926A4D1D2C5DD100657C3F /* OGLApplication.cpp in Sources */,
				D1926A5E1D2D9E6A00657C3F /* OGLVertexArray.cpp in Sources */,
			);
			runOnlyForDeploymentPostprocessing = 0;
		};
/* End PBXSourcesBuildPhase section */

/* Begin XCBuildConfiguration section */
		D15B06981D185F9000F77089 /* Debug */ = {
			isa = XCBuildConfiguration;
			buildSettings = {
				ALWAYS_SEARCH_USER_PATHS = NO;
				CLANG_ANALYZER_NONNULL = YES;
				CLANG_CXX_LANGUAGE_STANDARD = "gnu++0x";
				CLANG_CXX_LIBRARY = "libc++";
				CLANG_ENABLE_MODULES = YES;
				CLANG_ENABLE_OBJC_ARC = YES;
				CLANG_WARN_BOOL_CONVERSION = YES;
				CLANG_WARN_CONSTANT_CONVERSION = YES;
				CLANG_WARN_DIRECT_OBJC_ISA_USAGE = YES_ERROR;
				CLANG_WARN_EMPTY_BODY = YES;
				CLANG_WARN_ENUM_CONVERSION = YES;
				CLANG_WARN_INT_CONVERSION = YES;
				CLANG_WARN_OBJC_ROOT_CLASS = YES_ERROR;
				CLANG_WARN_UNREACHABLE_CODE = YES;
				CLANG_WARN__DUPLICATE_METHOD_MATCH = YES;
				CODE_SIGN_IDENTITY = "-";
				COPY_PHASE_STRIP = NO;
				DEBUG_INFORMATION_FORMAT = dwarf;
				ENABLE_STRICT_OBJC_MSGSEND = YES;
				ENABLE_TESTABILITY = YES;
				GCC_C_LANGUAGE_STANDARD = gnu99;
				GCC_DYNAMIC_NO_PIC = NO;
				GCC_NO_COMMON_BLOCKS = YES;
				GCC_OPTIMIZATION_LEVEL = 0;
				GCC_PREPROCESSOR_DEFINITIONS = (
					"DEBUG=1",
					"$(inherited)",
				);
				GCC_WARN_64_TO_32_BIT_CONVERSION = YES;
				GCC_WARN_ABOUT_RETURN_TYPE = YES_ERROR;
				GCC_WARN_UNDECLARED_SELECTOR = YES;
				GCC_WARN_UNINITIALIZED_AUTOS = YES_AGGRESSIVE;
				GCC_WARN_UNUSED_FUNCTION = YES;
				GCC_WARN_UNUSED_VARIABLE = YES;
				MACOSX_DEPLOYMENT_TARGET = 10.11;
				MTL_ENABLE_DEBUG_INFO = YES;
				ONLY_ACTIVE_ARCH = YES;
				SDKROOT = macosx;
			};
			name = Debug;
		};
		D15B06991D185F9000F77089 /* Release */ = {
			isa = XCBuildConfiguration;
			buildSettings = {
				ALWAYS_SEARCH_USER_PATHS = NO;
				CLANG_ANALYZER_NONNULL = YES;
				CLANG_CXX_LANGUAGE_STANDARD = "gnu++0x";
				CLANG_CXX_LIBRARY = "libc++";
				CLANG_ENABLE_MODULES = YES;
				CLANG_ENABLE_OBJC_ARC = YES;
				CLANG_WARN_BOOL_CONVERSION = YES;
				CLANG_WARN_CONSTANT_CONVERSION = YES;
				CLANG_WARN_DIRECT_OBJC_ISA_USAGE = YES_ERROR;
				CLANG_WARN_EMPTY_BODY = YES;
				CLANG_WARN_ENUM_CONVERSION = YES;
				CLANG_WARN_INT_CONVERSION = YES;
				CLANG_WARN_OBJC_ROOT_CLASS = YES_ERROR;
				CLANG_WARN_UNREACHABLE_CODE = YES;
				CLANG_WARN__DUPLICATE_METHOD_MATCH = YES;
				CODE_SIGN_IDENTITY = "-";
				COPY_PHASE_STRIP = NO;
				DEBUG_INFORMATION_FORMAT = "dwarf-with-dsym";
				ENABLE_NS_ASSERTIONS = NO;
				ENABLE_STRICT_OBJC_MSGSEND = YES;
				GCC_C_LANGUAGE_STANDARD = gnu99;
				GCC_NO_COMMON_BLOCKS = YES;
				GCC_WARN_64_TO_32_BIT_CONVERSION = YES;
				GCC_WARN_ABOUT_RETURN_TYPE = YES_ERROR;
				GCC_WARN_UNDECLARED_SELECTOR = YES;
				GCC_WARN_UNINITIALIZED_AUTOS = YES_AGGRESSIVE;
				GCC_WARN_UNUSED_FUNCTION = YES;
				GCC_WARN_UNUSED_VARIABLE = YES;
				MACOSX_DEPLOYMENT_TARGET = 10.11;
				MTL_ENABLE_DEBUG_INFO = NO;
				SDKROOT = macosx;
			};
			name = Release;
		};
		D15B069B1D185F9000F77089 /* Debug */ = {
			isa = XCBuildConfiguration;
			buildSettings = {
				FRAMEWORK_SEARCH_PATHS = "";
				HEADER_SEARCH_PATHS = /opt/local/include;
				LIBRARY_SEARCH_PATHS = (
					"$(inherited)",
					/opt/local/lib,
				);
				PRODUCT_NAME = "$(TARGET_NAME)";
			};
			name = Debug;
		};
		D15B069C1D185F9000F77089 /* Release */ = {
			isa = XCBuildConfiguration;
			buildSettings = {
				FRAMEWORK_SEARCH_PATHS = "";
				HEADER_SEARCH_PATHS = /opt/local/include;
				LIBRARY_SEARCH_PATHS = (
					"$(inherited)",
					/opt/local/lib,
				);
				PRODUCT_NAME = "$(TARGET_NAME)";
			};
			name = Release;
		};
/* End XCBuildConfiguration section */

/* Begin XCConfigurationList section */
		D15B068E1D185F9000F77089 /* Build configuration list for PBXProject "OGLPlatform" */ = {
			isa = XCConfigurationList;
			buildConfigurations = (
				D15B06981D185F9000F77089 /* Debug */,
				D15B06991D185F9000F77089 /* Release */,
			);
			defaultConfigurationIsVisible = 0;
			defaultConfigurationName = Release;
		};
		D15B069A1D185F9000F77089 /* Build configuration list for PBXNativeTarget "OGLPlatform" */ = {
			isa = XCConfigurationList;
			buildConfigurations = (
				D15B069B1D185F9000F77089 /* Debug */,
				D15B069C1D185F9000F77089 /* Release */,
			);
			defaultConfigurationIsVisible = 0;
			defaultConfigurationName = Release;
		};
/* End XCConfigurationList section */
	};
	rootObject = D15B068B1D185F9000F77089 /* Project object */;
}
