<?xml version="1.0" encoding="utf-8"?>
<Project ToolsVersion="4.0" xmlns="http://schemas.microsoft.com/developer/msbuild/2003">
  <ItemGroup>
    <Filter Include="Fichiers sources">
      <UniqueIdentifier>{4FC737F1-C7A5-4376-A066-2A32D752A2FF}</UniqueIdentifier>
      <Extensions>cpp;c;cc;cxx;def;odl;idl;hpj;bat;asm;asmx</Extensions>
    </Filter>
    <Filter Include="Fichiers d%27en-tête">
      <UniqueIdentifier>{93995380-89BD-4b04-88EB-625FBE52EBFB}</UniqueIdentifier>
      <Extensions>h;hh;hpp;hxx;hm;inl;inc;xsd</Extensions>
    </Filter>
    <Filter Include="Fichiers de ressources">
      <UniqueIdentifier>{67DA6AB6-F800-4c08-8B7A-83BB121AAD01}</UniqueIdentifier>
      <Extensions>rc;ico;cur;bmp;dlg;rc2;rct;bin;rgs;gif;jpg;jpeg;jpe;resx;tiff;tif;png;wav;mfcribbon-ms</Extensions>
    </Filter>
    <Filter Include="Stages">
      <UniqueIdentifier>{6808d925-38b9-4872-bd8d-dcc81097f4f6}</UniqueIdentifier>
    </Filter>
    <Filter Include="Objects">
      <UniqueIdentifier>{a5236ead-5027-499f-b8b6-30f01c92f7f9}</UniqueIdentifier>
    </Filter>
    <Filter Include="Core">
      <UniqueIdentifier>{41f3e919-2b88-4eba-b16d-d3a1cf0fe703}</UniqueIdentifier>
    </Filter>
  </ItemGroup>
  <ItemGroup>
    <ClInclude Include="src\OGLAntTweakBar.hpp">
      <Filter>Fichiers d%27en-tête</Filter>
    </ClInclude>
    <ClInclude Include="src\Uncopyable.hpp">
      <Filter>Fichiers d%27en-tête</Filter>
    </ClInclude>
    <ClInclude Include="src\GLFWUtility.hpp">
      <Filter>Fichiers d%27en-tête</Filter>
    </ClInclude>
    <ClInclude Include="src\OGLPointSize.hpp">
      <Filter>Stages</Filter>
    </ClInclude>
    <ClInclude Include="src\OGLPoint.hpp">
      <Filter>Objects</Filter>
    </ClInclude>
    <ClInclude Include="src\OGLObject.hpp">
      <Filter>Core</Filter>
    </ClInclude>
    <ClInclude Include="src\FactoryStage.hpp">
      <Filter>Fichiers d%27en-tête</Filter>
    </ClInclude>
    <ClInclude Include="src\OGLApplicationConstants.hpp">
      <Filter>Fichiers d%27en-tête</Filter>
    </ClInclude>
    <ClInclude Include="src\OGLSimpleTriangle.hpp">
      <Filter>Stages</Filter>
    </ClInclude>
    <ClInclude Include="src\OGLTriangle.hpp">
      <Filter>Objects</Filter>
    </ClInclude>
    <ClInclude Include="src\OGLCube.hpp">
      <Filter>Objects</Filter>
    </ClInclude>
    <ClInclude Include="src\OGLSimpleCube.hpp">
      <Filter>Stages</Filter>
    </ClInclude>
    <ClInclude Include="src\ATBGLEnumWrapper.h">
      <Filter>Fichiers d%27en-tête</Filter>
    </ClInclude>
    <ClInclude Include="src\GLIImage.hpp">
      <Filter>Fichiers d%27en-tête</Filter>
    </ClInclude>
    <ClInclude Include="src\OGLMipmaps.hpp">
      <Filter>Stages</Filter>
    </ClInclude>
    <ClInclude Include="src\OGLQuad.hpp">
      <Filter>Objects</Filter>
    </ClInclude>
    <ClInclude Include="src\OGLObjResizable.hpp">
      <Filter>Objects</Filter>
    </ClInclude>
    <ClInclude Include="src\OGLMixTexture.hpp">
      <Filter>Stages</Filter>
    </ClInclude>
    <ClInclude Include="src\Application.hpp">
      <Filter>Core</Filter>
    </ClInclude>
    <ClInclude Include="src\OpenGLInfos.hpp">
      <Filter>Core</Filter>
    </ClInclude>
    <ClInclude Include="src\Program.hpp">
      <Filter>Core</Filter>
    </ClInclude>
    <ClInclude Include="src\Sampler.hpp">
      <Filter>Core</Filter>
    </ClInclude>
    <ClInclude Include="src\Shader.hpp">
      <Filter>Core</Filter>
    </ClInclude>
    <ClInclude Include="src\Stage.hpp">
      <Filter>Core</Filter>
    </ClInclude>
    <ClInclude Include="src\Texture.hpp">
      <Filter>Core</Filter>
    </ClInclude>
    <ClInclude Include="src\Vertex.hpp">
      <Filter>Core</Filter>
    </ClInclude>
    <ClInclude Include="src\VertexArray.hpp">
      <Filter>Core</Filter>
    </ClInclude>
    <ClInclude Include="src\VertexBuffer.hpp">
      <Filter>Core</Filter>
    </ClInclude>
    <ClInclude Include="src\Window.hpp">
      <Filter>Core</Filter>
    </ClInclude>
    <ClInclude Include="src\ApplicationSettings.hpp">
      <Filter>Core</Filter>
    </ClInclude>
    <ClInclude Include="src\Context.hpp">
      <Filter>Core</Filter>
    </ClInclude>
    <ClInclude Include="src\Image.hpp">
      <Filter>Core</Filter>
    </ClInclude>
    <ClInclude Include="src\ImageFactory.hpp">
      <Filter>Core</Filter>
    </ClInclude>
    <ClInclude Include="src\GLFWContext.hpp">
      <Filter>Fichiers d%27en-tête</Filter>
    </ClInclude>
    <ClInclude Include="src\WindowGLFW.hpp">
      <Filter>Fichiers d%27en-tête</Filter>
    </ClInclude>
    <ClInclude Include="src\ATBResource.hpp">
      <Filter>Fichiers d%27en-tête</Filter>
    </ClInclude>
    <ClInclude Include="src\OGLUtility.hpp">
      <Filter>Fichiers d%27en-tête</Filter>
    </ClInclude>
    <ClInclude Include="src\OGLRipplePlane.hpp">
      <Filter>Stages</Filter>
    </ClInclude>
    <ClInclude Include="src\OGLCameraStage.hpp">
      <Filter>Stages</Filter>
    </ClInclude>
    <ClInclude Include="src\OGLGeometryShader.hpp">
      <Filter>Stages</Filter>
    </ClInclude>
    <ClInclude Include="src\OGLModelMatrix.hpp">
      <Filter>Stages</Filter>
    </ClInclude>
    <ClInclude Include="src\Camera.hpp">
      <Filter>Core</Filter>
    </ClInclude>
    <ClInclude Include="src\EventManager.hpp">
      <Filter>Core</Filter>
    </ClInclude>
    <ClInclude Include="src\OGLAnimatedPyramids.hpp">
      <Filter>Stages</Filter>
    </ClInclude>
    <ClInclude Include="src\OGLIndexedDraw.hpp">
      <Filter>Stages</Filter>
    </ClInclude>
    <ClInclude Include="src\OGLSimpleLighting.hpp">
      <Filter>Stages</Filter>
    </ClInclude>
    <ClInclude Include="src\Light.hpp">
      <Filter>Core</Filter>
    </ClInclude>
    <ClInclude Include="src\OGLSkybox.hpp">
      <Filter>Stages</Filter>
    </ClInclude>
    <ClInclude Include="src\Mesh.hpp">
      <Filter>Core</Filter>
    </ClInclude>
    <ClInclude Include="src\OGLRenderableObject.hpp">
      <Filter>Fichiers d%27en-tête</Filter>
    </ClInclude>
    <ClInclude Include="src\Model.hpp">
      <Filter>Core</Filter>
    </ClInclude>
    <ClInclude Include="src\Material.hpp">
      <Filter>Core</Filter>
    </ClInclude>
    <ClInclude Include="src\OGLLight.hpp">
      <Filter>Objects</Filter>
    </ClInclude>
    <ClInclude Include="src\OGLMaterialInstancedDraw.hpp">
      <Filter>Stages</Filter>
    </ClInclude>
    <ClInclude Include="src\OGLPointLight.hpp">
      <Filter>Stages</Filter>
    </ClInclude>
    <ClInclude Include="src\OGLSpotLight.hpp">
      <Filter>Stages</Filter>
    </ClInclude>
  </ItemGroup>
  <ItemGroup>
    <ClCompile Include="src\main.cpp">
      <Filter>Fichiers sources</Filter>
    </ClCompile>
    <ClCompile Include="src\OGLAntTweakBar.cpp">
      <Filter>Fichiers sources</Filter>
    </ClCompile>
    <ClCompile Include="src\OGLPointSize.cpp">
      <Filter>Stages</Filter>
    </ClCompile>
    <ClCompile Include="src\OGLPoint.cpp">
      <Filter>Objects</Filter>
    </ClCompile>
    <ClCompile Include="src\FactoryStage.cpp">
      <Filter>Fichiers sources</Filter>
    </ClCompile>
    <ClCompile Include="src\OGLApplicationConstants.cpp">
      <Filter>Fichiers sources</Filter>
    </ClCompile>
    <ClCompile Include="src\OGLSimpleTriangle.cpp">
      <Filter>Stages</Filter>
    </ClCompile>
    <ClCompile Include="src\OGLTriangle.cpp">
      <Filter>Objects</Filter>
    </ClCompile>
    <ClCompile Include="src\OGLCube.cpp">
      <Filter>Objects</Filter>
    </ClCompile>
    <ClCompile Include="src\OGLSimpleCube.cpp">
      <Filter>Stages</Filter>
    </ClCompile>
    <ClCompile Include="src\ATBGLEnumWrapper.cpp">
      <Filter>Fichiers sources</Filter>
    </ClCompile>
    <ClCompile Include="src\GLIImage.cpp">
      <Filter>Fichiers sources</Filter>
    </ClCompile>
    <ClCompile Include="src\OGLMipmaps.cpp">
      <Filter>Stages</Filter>
    </ClCompile>
    <ClCompile Include="src\OGLQuad.cpp">
      <Filter>Objects</Filter>
    </ClCompile>
    <ClCompile Include="src\OGLMixTexture.cpp">
      <Filter>Stages</Filter>
    </ClCompile>
    <ClCompile Include="src\Application.cpp">
      <Filter>Core</Filter>
    </ClCompile>
    <ClCompile Include="src\OpenGLInfos.cpp">
      <Filter>Core</Filter>
    </ClCompile>
    <ClCompile Include="src\Program.cpp">
      <Filter>Core</Filter>
    </ClCompile>
    <ClCompile Include="src\Sampler.cpp">
      <Filter>Core</Filter>
    </ClCompile>
    <ClCompile Include="src\Shader.cpp">
      <Filter>Core</Filter>
    </ClCompile>
    <ClCompile Include="src\Stage.cpp">
      <Filter>Core</Filter>
    </ClCompile>
    <ClCompile Include="src\Texture.cpp">
      <Filter>Core</Filter>
    </ClCompile>
    <ClCompile Include="src\VertexArray.cpp">
      <Filter>Core</Filter>
    </ClCompile>
    <ClCompile Include="src\VertexBuffer.cpp">
      <Filter>Core</Filter>
    </ClCompile>
    <ClCompile Include="src\ApplicationSettings.cpp">
      <Filter>Core</Filter>
    </ClCompile>
    <ClCompile Include="src\ImageFactory.cpp">
      <Filter>Core</Filter>
    </ClCompile>
    <ClCompile Include="src\GLFWContext.cpp">
      <Filter>Fichiers sources</Filter>
    </ClCompile>
    <ClCompile Include="src\WindowGLFW.cpp">
      <Filter>Fichiers sources</Filter>
    </ClCompile>
    <ClCompile Include="src\OGLUtility.cpp">
      <Filter>Fichiers sources</Filter>
    </ClCompile>
    <ClCompile Include="src\OGLRipplePlane.cpp">
      <Filter>Stages</Filter>
    </ClCompile>
    <ClCompile Include="src\OGLCameraStage.cpp">
      <Filter>Stages</Filter>
    </ClCompile>
    <ClCompile Include="src\OGLGeometryShader.cpp">
      <Filter>Stages</Filter>
    </ClCompile>
    <ClCompile Include="src\OGLModelMatrix.cpp">
      <Filter>Stages</Filter>
    </ClCompile>
    <ClCompile Include="src\Camera.cpp">
      <Filter>Core</Filter>
    </ClCompile>
    <ClCompile Include="src\EventManager.cpp">
      <Filter>Core</Filter>
    </ClCompile>
    <ClCompile Include="src\OGLAnimatedPyramids.cpp">
      <Filter>Stages</Filter>
    </ClCompile>
    <ClCompile Include="src\OGLIndexedDraw.cpp">
      <Filter>Stages</Filter>
    </ClCompile>
    <ClCompile Include="src\OGLSimpleLighting.cpp">
      <Filter>Stages</Filter>
    </ClCompile>
    <ClCompile Include="src\OGLSkybox.cpp">
      <Filter>Stages</Filter>
    </ClCompile>
    <ClCompile Include="src\Mesh.cpp">
      <Filter>Core</Filter>
    </ClCompile>
    <ClCompile Include="src\Model.cpp">
      <Filter>Core</Filter>
    </ClCompile>
    <ClCompile Include="src\OGLLight.cpp">
      <Filter>Objects</Filter>
    </ClCompile>
    <ClCompile Include="src\OGLMaterialInstancedDraw.cpp">
      <Filter>Stages</Filter>
    </ClCompile>
    <ClCompile Include="src\OGLPointLight.cpp">
      <Filter>Stages</Filter>
    </ClCompile>
    <ClCompile Include="src\OGLSpotLight.cpp">
      <Filter>Stages</Filter>
    </ClCompile>
  </ItemGroup>
</Project>